
Microsoft Visual Studio Solution File, Format Version 12.00
# Visual Studio 15
VisualStudioVersion = 15.0.28307.539
MinimumVisualStudioVersion = 10.0.40219.1
Project("{FAE04EC0-301F-11D3-BF4B-00C04F79EFBC}") = "_8_字符串转换整数", "_8_字符串转换整数\_8_字符串转换整数.csproj", "{2A799023-DBDC-49AD-A0A9-D6D4BBDE6C24}"
EndProject
Project("{FAE04EC0-301F-11D3-BF4B-00C04F79EFBC}") = "_5_最长回文字串", "_5_最长回文字串\_5_最长回文字串.csproj", "{DA49030F-A114-45B4-9B65-C73635332769}"
EndProject
Project("{FAE04EC0-301F-11D3-BF4B-00C04F79EFBC}") = "_1_两数之和", "两数之和\_1_两数之和.csproj", "{F9368C25-D245-452C-9B47-FFA5EF5E2519}"
EndProject
Project("{FAE04EC0-301F-11D3-BF4B-00C04F79EFBC}") = "_15_三数之和", "_15_三数之和\_15_三数之和.csproj", "{8BABEB86-AA82-45F9-BD68-2398417FFBB2}"
EndProject
Project("{FAE04EC0-301F-11D3-BF4B-00C04F79EFBC}") = "_3_无重复字符最长子串", "_3_无重复字符最长子串\_3_无重复字符最长子串.csproj", "{D8905775-D19F-4BDE-AA6B-8998F951AB23}"
EndProject
Project("{FAE04EC0-301F-11D3-BF4B-00C04F79EFBC}") = "_338_比特位计数", "_338_比特位计数\_338_比特位计数.csproj", "{6EBCA262-93E6-41E9-828D-A06AF6C28BF7}"
EndProject
Project("{FAE04EC0-301F-11D3-BF4B-00C04F79EFBC}") = "_14_最长公共前缀", "_14_最长公共前缀\_14_最长公共前缀.csproj", "{61107D00-6390-48AB-AC3E-2E9517F92B90}"
EndProject
Project("{FAE04EC0-301F-11D3-BF4B-00C04F79EFBC}") = "_258_各位相加", "_258_各位相加\_258_各位相加.csproj", "{3E056F2E-B6B0-4D01-98C4-5CBEC5233001}"
EndProject
Project("{FAE04EC0-301F-11D3-BF4B-00C04F79EFBC}") = "_821_字符间最短的距离", "_821_字符间最短的距离\_821_字符间最短的距离.csproj", "{289BCA13-6792-48BE-91C5-2B8251B5D478}"
EndProject
Project("{FAE04EC0-301F-11D3-BF4B-00C04F79EFBC}") = "_977_有序数组的平方", "_977_有序数组的平方\_977_有序数组的平方.csproj", "{657BF5AB-6D1D-4E31-87B9-C8DF7FD8EC07}"
EndProject
Project("{FAE04EC0-301F-11D3-BF4B-00C04F79EFBC}") = "_965_单值二叉树", "_965_单值二叉树\_965_单值二叉树.csproj", "{51F134AF-1A50-4007-81E7-92C688E40AFB}"
EndProject
Project("{FAE04EC0-301F-11D3-BF4B-00C04F79EFBC}") = "_67_二进制求和", "_67_二进制求和\_67_二进制求和.csproj", "{4E5A9A7B-3AD2-40F5-B54F-59055B4B7688}"
EndProject
Project("{FAE04EC0-301F-11D3-BF4B-00C04F79EFBC}") = "_950_按递增顺序显示卡牌", "_950_按递增顺序显示卡牌\_950_按递增顺序显示卡牌.csproj", "{2475CBF7-7651-4FB6-ABD3-7318F8A9FC72}"
EndProject
Project("{FAE04EC0-301F-11D3-BF4B-00C04F79EFBC}") = "_78_子集", "_78_子集\_78_子集.csproj", "{FA92B301-ED26-448D-AC88-92105E26C859}"
EndProject
Project("{FAE04EC0-301F-11D3-BF4B-00C04F79EFBC}") = "_832_翻转图像", "_832_翻转图像\_832_翻转图像.csproj", "{B7D3FBFD-2783-43CE-A692-36A1609CE010}"
EndProject
Project("{FAE04EC0-301F-11D3-BF4B-00C04F79EFBC}") = "_728_自除数", "_728_自除数\_728_自除数.csproj", "{DC626B84-BDCB-48FE-A096-67436436A8FA}"
EndProject
Project("{FAE04EC0-301F-11D3-BF4B-00C04F79EFBC}") = "_349_两个数组的交集", "_349_两个数组的交集\_349_两个数组的交集.csproj", "{1ABF56B4-F83B-4E6E-A157-717A0E472F31}"
EndProject
Project("{FAE04EC0-301F-11D3-BF4B-00C04F79EFBC}") = "_206_反转链表", "_206_反转链表\_206_反转链表.csproj", "{F44281C3-46FA-4FF0-BA26-C8BDAC5CB44E}"
EndProject
Project("{FAE04EC0-301F-11D3-BF4B-00C04F79EFBC}") = "_633_平方数之和", "_633_平方数之和\_633_平方数之和.csproj", "{D828B5A0-FDB3-448A-ABC0-46B8DBFDECDD}"
EndProject
Project("{FAE04EC0-301F-11D3-BF4B-00C04F79EFBC}") = "_414_第三大的数", "_414_第三大的数\_414_第三大的数.csproj", "{16F2D38A-A8F2-495C-929C-59FD59A1FB14}"
EndProject
Project("{FAE04EC0-301F-11D3-BF4B-00C04F79EFBC}") = "_66_加一", "_66_加一\_66_加一.csproj", "{B15D134E-106B-40FC-8C9F-59AA178BCE3B}"
EndProject
Project("{FAE04EC0-301F-11D3-BF4B-00C04F79EFBC}") = "_125_验证回文字串", "_125_验证回文字串\_125_验证回文字串.csproj", "{3AA91EE8-724D-4393-80DD-A982096FB732}"
EndProject
Project("{FAE04EC0-301F-11D3-BF4B-00C04F79EFBC}") = "_387_字符串中第一个唯一字符", "字符串中第一个唯一字符\_387_字符串中第一个唯一字符.csproj", "{5538CCB4-735D-45AF-9693-D2D1953FD31E}"
EndProject
Project("{FAE04EC0-301F-11D3-BF4B-00C04F79EFBC}") = "_747_至少是其他数字两倍的最大数", "_747_至少是其他数字两倍的最大数\_747_至少是其他数字两倍的最大数.csproj", "{D4523E18-B34C-433A-B14D-03568F1E4F6C}"
EndProject
Project("{FAE04EC0-301F-11D3-BF4B-00C04F79EFBC}") = "_219_存在重复元素II", "_219_存在重复元素II\_219_存在重复元素II.csproj", "{12E40087-904F-4BAD-ADAF-06B3A65A70B6}"
EndProject
Project("{FAE04EC0-301F-11D3-BF4B-00C04F79EFBC}") = "_1041_困于环中的机器人", "_1041_困于环中的机器人\_1041_困于环中的机器人.csproj", "{B0C9C626-49A4-450E-90C9-AC54A4319475}"
EndProject
Project("{FAE04EC0-301F-11D3-BF4B-00C04F79EFBC}") = "_172_阶乘后的零", "_172_阶乘后的零\_172_阶乘后的零.csproj", "{7613F096-9FE0-4B3B-89EB-45E9428CDBED}"
EndProject
Project("{FAE04EC0-301F-11D3-BF4B-00C04F79EFBC}") = "_441_排列硬币", "_414_排列硬币\_441_排列硬币.csproj", "{DBB15B22-5CBA-4441-9079-52AF6A81C0F6}"
EndProject
Project("{FAE04EC0-301F-11D3-BF4B-00C04F79EFBC}") = "_21_合并两个有序链表", "_21_合并两个有序链表\_21_合并两个有序链表.csproj", "{B8C7C2D8-EFC4-4E40-A936-8CB779CDA9D8}"
EndProject
Project("{FAE04EC0-301F-11D3-BF4B-00C04F79EFBC}") = "_1103_分糖果II", "_1103_分糖果II\_1103_分糖果II.csproj", "{B70F0B35-ABC4-4AC9-8894-A56D8C59DEE3}"
EndProject
Project("{FAE04EC0-301F-11D3-BF4B-00C04F79EFBC}") = "_1051_高度检查器", "_1051_高度检查器\_1051_高度检查器.csproj", "{9262435E-C614-4C53-ABA5-21F3EDBC4CB6}"
EndProject
Project("{FAE04EC0-301F-11D3-BF4B-00C04F79EFBC}") = "_917_仅仅反转字母", "_917_仅仅反转字母\_917_仅仅反转字母.csproj", "{4CEBF6BE-F452-4388-B0A1-EA2FE558B93F}"
EndProject
Project("{FAE04EC0-301F-11D3-BF4B-00C04F79EFBC}") = "_896_单调序列", "_896_单调序列\_896_单调序列.csproj", "{EB5EA67F-98A1-495E-B310-8DE28758E527}"
EndProject
Project("{FAE04EC0-301F-11D3-BF4B-00C04F79EFBC}") = "_104_二叉树的最大深度", "_104_二叉树的最大深度\_104_二叉树的最大深度.csproj", "{015597A3-9ACC-44F6-82D9-523D0AB1D769}"
EndProject
Project("{FAE04EC0-301F-11D3-BF4B-00C04F79EFBC}") = "_412_Fizz Buzz", "_412_Fizz Buzz\_412_Fizz Buzz.csproj", "{4E22E55F-46E3-430E-85DF-F3625339F218}"
EndProject
Project("{FAE04EC0-301F-11D3-BF4B-00C04F79EFBC}") = "_283_移动0", "_283_移动0\_283_移动0.csproj", "{87117A87-364A-40F4-8FB5-C695A776BDFA}"
EndProject
Project("{FAE04EC0-301F-11D3-BF4B-00C04F79EFBC}") = "_169_求众数", "_169_求众数\_169_求众数.csproj", "{24F9A62C-A673-43A2-834F-65C5A8BC2B84}"
EndProject
Project("{FAE04EC0-301F-11D3-BF4B-00C04F79EFBC}") = "_13_罗马数字转整数", "_13_罗马数字转整数\_13_罗马数字转整数.csproj", "{72FFDCC0-4723-4091-BBE0-0ECFD411CA3B}"
EndProject
Project("{FAE04EC0-301F-11D3-BF4B-00C04F79EFBC}") = "_242_有效的字母异位词", "_242_有效的字母异位词\_242_有效的字母异位词.csproj", "{9BA8D379-B707-46DD-B295-1F02B391B04A}"
EndProject
Project("{FAE04EC0-301F-11D3-BF4B-00C04F79EFBC}") = "_217_存在重复元素", "_217_存在重复元素\_217_存在重复元素.csproj", "{3179EF72-FE0F-48D1-B4D5-4B88EAEF72BE}"
EndProject
Project("{FAE04EC0-301F-11D3-BF4B-00C04F79EFBC}") = "_268_缺失数字", "_268_缺失数字\_268_缺失数字.csproj", "{391C0CB8-1EC0-4594-86FB-559EDE038ED3}"
EndProject
Project("{FAE04EC0-301F-11D3-BF4B-00C04F79EFBC}") = "_191_位1的个数", "_191_位1的个数\_191_位1的个数.csproj", "{71E43144-9C1B-401B-A24E-978D529B36DF}"
EndProject
Project("{FAE04EC0-301F-11D3-BF4B-00C04F79EFBC}") = "_171_Excel表序号", "_171_Excel表序号\_171_Excel表序号.csproj", "{2E5C91BA-4E98-483A-8034-F1393B8114E7}"
EndProject
Project("{FAE04EC0-301F-11D3-BF4B-00C04F79EFBC}") = "_101_对称二叉树", "_101_对称二叉树\_101_对称二叉树.csproj", "{330B0DA0-F546-423A-A0CC-20CD5BC2980C}"
EndProject
Project("{FAE04EC0-301F-11D3-BF4B-00C04F79EFBC}") = "_70_爬楼梯", "_70_爬楼梯\_70_爬楼梯.csproj", "{1D5EE2A7-DA5B-451C-BB00-C5FF0F44C9AE}"
EndProject
Project("{FAE04EC0-301F-11D3-BF4B-00C04F79EFBC}") = "_198_打家劫舍", "_198_打家劫舍\_198_打家劫舍.csproj", "{281DD749-037C-4324-BE55-41AC3D2D83D0}"
EndProject
Project("{FAE04EC0-301F-11D3-BF4B-00C04F79EFBC}") = "_189_旋转数组", "_189_旋转数组\_189_旋转数组.csproj", "{8AA636EC-95E7-4AEC-ABF3-5CB7EFF683B4}"
EndProject
Project("{FAE04EC0-301F-11D3-BF4B-00C04F79EFBC}") = "_226_翻转二叉树", "_226_翻转二叉树\_226_翻转二叉树.csproj", "{33F13A53-541B-4245-AF5E-C0FDF920025A}"
EndProject
Project("{FAE04EC0-301F-11D3-BF4B-00C04F79EFBC}") = "_617_合并二叉树", "_617_合并二叉树\_617_合并二叉树.csproj", "{B2AAE1E7-F524-445D-9F83-63C230F03DD2}"
EndProject
Project("{FAE04EC0-301F-11D3-BF4B-00C04F79EFBC}") = "_404_左叶子之和", "_404_左叶子之和\_404_左叶子之和.csproj", "{35E9B8CD-4C23-4E22-B497-FB87410CCCF4}"
EndProject
Project("{FAE04EC0-301F-11D3-BF4B-00C04F79EFBC}") = "_112_路径总和", "_112_路径总和\_112_路径总和.csproj", "{29C0C122-6694-4559-9B83-4121E6664F60}"
EndProject
Project("{FAE04EC0-301F-11D3-BF4B-00C04F79EFBC}") = "_111_二叉树的最小深度", "_111_二叉树的最小深度\_111_二叉树的最小深度.csproj", "{57BFC61E-418F-4C4C-9218-F930A145FC2D}"
EndProject
Project("{FAE04EC0-301F-11D3-BF4B-00C04F79EFBC}") = "_700_二叉搜索树中的搜索", "_700_二叉搜索树中的搜索\_700_二叉搜索树中的搜索.csproj", "{7E22B151-BDCE-40FD-9AF1-F0367B9378B6}"
EndProject
Project("{FAE04EC0-301F-11D3-BF4B-00C04F79EFBC}") = "_783_二叉搜索树节点最小距离", "_783_二叉搜索树节点最小距离\_783_二叉搜索树节点最小距离.csproj", "{C48D1014-7866-44A5-A48D-E7E1C6C1271D}"
EndProject
Project("{FAE04EC0-301F-11D3-BF4B-00C04F79EFBC}") = "_121_买卖股票的最佳时机", "_121_买卖股票的最佳时机\_121_买卖股票的最佳时机.csproj", "{932A6088-C6CC-474D-9E06-57FBBA8C5A25}"
EndProject
Project("{FAE04EC0-301F-11D3-BF4B-00C04F79EFBC}") = "_62_不同路径", "_62_不同路径\_62_不同路径.csproj", "{8EF38079-AFDC-4CB8-A32E-2EA0A8CDD116}"
EndProject
Project("{FAE04EC0-301F-11D3-BF4B-00C04F79EFBC}") = "_88_合并两个有序数组", "_88_合并两个有序数组\_88_合并两个有序数组.csproj", "{17F310D7-808D-4FDB-838D-6C2726A1582F}"
EndProject
Project("{FAE04EC0-301F-11D3-BF4B-00C04F79EFBC}") = "字符串的排列", "字符串的排列\字符串的排列.csproj", "{AC2C0946-C98F-4367-BFBC-5908053046F3}"
EndProject
Global
	GlobalSection(SolutionConfigurationPlatforms) = preSolution
		Debug|Any CPU = Debug|Any CPU
		Release|Any CPU = Release|Any CPU
	EndGlobalSection
	GlobalSection(ProjectConfigurationPlatforms) = postSolution
		{2A799023-DBDC-49AD-A0A9-D6D4BBDE6C24}.Debug|Any CPU.ActiveCfg = Debug|Any CPU
		{2A799023-DBDC-49AD-A0A9-D6D4BBDE6C24}.Debug|Any CPU.Build.0 = Debug|Any CPU
		{2A799023-DBDC-49AD-A0A9-D6D4BBDE6C24}.Release|Any CPU.ActiveCfg = Release|Any CPU
		{2A799023-DBDC-49AD-A0A9-D6D4BBDE6C24}.Release|Any CPU.Build.0 = Release|Any CPU
		{DA49030F-A114-45B4-9B65-C73635332769}.Debug|Any CPU.ActiveCfg = Debug|Any CPU
		{DA49030F-A114-45B4-9B65-C73635332769}.Debug|Any CPU.Build.0 = Debug|Any CPU
		{DA49030F-A114-45B4-9B65-C73635332769}.Release|Any CPU.ActiveCfg = Release|Any CPU
		{DA49030F-A114-45B4-9B65-C73635332769}.Release|Any CPU.Build.0 = Release|Any CPU
		{F9368C25-D245-452C-9B47-FFA5EF5E2519}.Debug|Any CPU.ActiveCfg = Debug|Any CPU
		{F9368C25-D245-452C-9B47-FFA5EF5E2519}.Debug|Any CPU.Build.0 = Debug|Any CPU
		{F9368C25-D245-452C-9B47-FFA5EF5E2519}.Release|Any CPU.ActiveCfg = Release|Any CPU
		{F9368C25-D245-452C-9B47-FFA5EF5E2519}.Release|Any CPU.Build.0 = Release|Any CPU
		{8BABEB86-AA82-45F9-BD68-2398417FFBB2}.Debug|Any CPU.ActiveCfg = Debug|Any CPU
		{8BABEB86-AA82-45F9-BD68-2398417FFBB2}.Debug|Any CPU.Build.0 = Debug|Any CPU
		{8BABEB86-AA82-45F9-BD68-2398417FFBB2}.Release|Any CPU.ActiveCfg = Release|Any CPU
		{8BABEB86-AA82-45F9-BD68-2398417FFBB2}.Release|Any CPU.Build.0 = Release|Any CPU
		{D8905775-D19F-4BDE-AA6B-8998F951AB23}.Debug|Any CPU.ActiveCfg = Debug|Any CPU
		{D8905775-D19F-4BDE-AA6B-8998F951AB23}.Debug|Any CPU.Build.0 = Debug|Any CPU
		{D8905775-D19F-4BDE-AA6B-8998F951AB23}.Release|Any CPU.ActiveCfg = Release|Any CPU
		{D8905775-D19F-4BDE-AA6B-8998F951AB23}.Release|Any CPU.Build.0 = Release|Any CPU
		{6EBCA262-93E6-41E9-828D-A06AF6C28BF7}.Debug|Any CPU.ActiveCfg = Debug|Any CPU
		{6EBCA262-93E6-41E9-828D-A06AF6C28BF7}.Debug|Any CPU.Build.0 = Debug|Any CPU
		{6EBCA262-93E6-41E9-828D-A06AF6C28BF7}.Release|Any CPU.ActiveCfg = Release|Any CPU
		{6EBCA262-93E6-41E9-828D-A06AF6C28BF7}.Release|Any CPU.Build.0 = Release|Any CPU
		{61107D00-6390-48AB-AC3E-2E9517F92B90}.Debug|Any CPU.ActiveCfg = Debug|Any CPU
		{61107D00-6390-48AB-AC3E-2E9517F92B90}.Debug|Any CPU.Build.0 = Debug|Any CPU
		{61107D00-6390-48AB-AC3E-2E9517F92B90}.Release|Any CPU.ActiveCfg = Release|Any CPU
		{61107D00-6390-48AB-AC3E-2E9517F92B90}.Release|Any CPU.Build.0 = Release|Any CPU
		{3E056F2E-B6B0-4D01-98C4-5CBEC5233001}.Debug|Any CPU.ActiveCfg = Debug|Any CPU
		{3E056F2E-B6B0-4D01-98C4-5CBEC5233001}.Debug|Any CPU.Build.0 = Debug|Any CPU
		{3E056F2E-B6B0-4D01-98C4-5CBEC5233001}.Release|Any CPU.ActiveCfg = Release|Any CPU
		{3E056F2E-B6B0-4D01-98C4-5CBEC5233001}.Release|Any CPU.Build.0 = Release|Any CPU
		{289BCA13-6792-48BE-91C5-2B8251B5D478}.Debug|Any CPU.ActiveCfg = Debug|Any CPU
		{289BCA13-6792-48BE-91C5-2B8251B5D478}.Debug|Any CPU.Build.0 = Debug|Any CPU
		{289BCA13-6792-48BE-91C5-2B8251B5D478}.Release|Any CPU.ActiveCfg = Release|Any CPU
		{289BCA13-6792-48BE-91C5-2B8251B5D478}.Release|Any CPU.Build.0 = Release|Any CPU
		{657BF5AB-6D1D-4E31-87B9-C8DF7FD8EC07}.Debug|Any CPU.ActiveCfg = Debug|Any CPU
		{657BF5AB-6D1D-4E31-87B9-C8DF7FD8EC07}.Debug|Any CPU.Build.0 = Debug|Any CPU
		{657BF5AB-6D1D-4E31-87B9-C8DF7FD8EC07}.Release|Any CPU.ActiveCfg = Release|Any CPU
		{657BF5AB-6D1D-4E31-87B9-C8DF7FD8EC07}.Release|Any CPU.Build.0 = Release|Any CPU
		{51F134AF-1A50-4007-81E7-92C688E40AFB}.Debug|Any CPU.ActiveCfg = Debug|Any CPU
		{51F134AF-1A50-4007-81E7-92C688E40AFB}.Debug|Any CPU.Build.0 = Debug|Any CPU
		{51F134AF-1A50-4007-81E7-92C688E40AFB}.Release|Any CPU.ActiveCfg = Release|Any CPU
		{51F134AF-1A50-4007-81E7-92C688E40AFB}.Release|Any CPU.Build.0 = Release|Any CPU
		{4E5A9A7B-3AD2-40F5-B54F-59055B4B7688}.Debug|Any CPU.ActiveCfg = Debug|Any CPU
		{4E5A9A7B-3AD2-40F5-B54F-59055B4B7688}.Debug|Any CPU.Build.0 = Debug|Any CPU
		{4E5A9A7B-3AD2-40F5-B54F-59055B4B7688}.Release|Any CPU.ActiveCfg = Release|Any CPU
		{4E5A9A7B-3AD2-40F5-B54F-59055B4B7688}.Release|Any CPU.Build.0 = Release|Any CPU
		{2475CBF7-7651-4FB6-ABD3-7318F8A9FC72}.Debug|Any CPU.ActiveCfg = Debug|Any CPU
		{2475CBF7-7651-4FB6-ABD3-7318F8A9FC72}.Debug|Any CPU.Build.0 = Debug|Any CPU
		{2475CBF7-7651-4FB6-ABD3-7318F8A9FC72}.Release|Any CPU.ActiveCfg = Release|Any CPU
		{2475CBF7-7651-4FB6-ABD3-7318F8A9FC72}.Release|Any CPU.Build.0 = Release|Any CPU
		{FA92B301-ED26-448D-AC88-92105E26C859}.Debug|Any CPU.ActiveCfg = Debug|Any CPU
		{FA92B301-ED26-448D-AC88-92105E26C859}.Debug|Any CPU.Build.0 = Debug|Any CPU
		{FA92B301-ED26-448D-AC88-92105E26C859}.Release|Any CPU.ActiveCfg = Release|Any CPU
		{FA92B301-ED26-448D-AC88-92105E26C859}.Release|Any CPU.Build.0 = Release|Any CPU
		{B7D3FBFD-2783-43CE-A692-36A1609CE010}.Debug|Any CPU.ActiveCfg = Debug|Any CPU
		{B7D3FBFD-2783-43CE-A692-36A1609CE010}.Debug|Any CPU.Build.0 = Debug|Any CPU
		{B7D3FBFD-2783-43CE-A692-36A1609CE010}.Release|Any CPU.ActiveCfg = Release|Any CPU
		{B7D3FBFD-2783-43CE-A692-36A1609CE010}.Release|Any CPU.Build.0 = Release|Any CPU
		{DC626B84-BDCB-48FE-A096-67436436A8FA}.Debug|Any CPU.ActiveCfg = Debug|Any CPU
		{DC626B84-BDCB-48FE-A096-67436436A8FA}.Debug|Any CPU.Build.0 = Debug|Any CPU
		{DC626B84-BDCB-48FE-A096-67436436A8FA}.Release|Any CPU.ActiveCfg = Release|Any CPU
		{DC626B84-BDCB-48FE-A096-67436436A8FA}.Release|Any CPU.Build.0 = Release|Any CPU
		{1ABF56B4-F83B-4E6E-A157-717A0E472F31}.Debug|Any CPU.ActiveCfg = Debug|Any CPU
		{1ABF56B4-F83B-4E6E-A157-717A0E472F31}.Debug|Any CPU.Build.0 = Debug|Any CPU
		{1ABF56B4-F83B-4E6E-A157-717A0E472F31}.Release|Any CPU.ActiveCfg = Release|Any CPU
		{1ABF56B4-F83B-4E6E-A157-717A0E472F31}.Release|Any CPU.Build.0 = Release|Any CPU
		{F44281C3-46FA-4FF0-BA26-C8BDAC5CB44E}.Debug|Any CPU.ActiveCfg = Debug|Any CPU
		{F44281C3-46FA-4FF0-BA26-C8BDAC5CB44E}.Debug|Any CPU.Build.0 = Debug|Any CPU
		{F44281C3-46FA-4FF0-BA26-C8BDAC5CB44E}.Release|Any CPU.ActiveCfg = Release|Any CPU
		{F44281C3-46FA-4FF0-BA26-C8BDAC5CB44E}.Release|Any CPU.Build.0 = Release|Any CPU
		{D828B5A0-FDB3-448A-ABC0-46B8DBFDECDD}.Debug|Any CPU.ActiveCfg = Debug|Any CPU
		{D828B5A0-FDB3-448A-ABC0-46B8DBFDECDD}.Debug|Any CPU.Build.0 = Debug|Any CPU
		{D828B5A0-FDB3-448A-ABC0-46B8DBFDECDD}.Release|Any CPU.ActiveCfg = Release|Any CPU
		{D828B5A0-FDB3-448A-ABC0-46B8DBFDECDD}.Release|Any CPU.Build.0 = Release|Any CPU
		{16F2D38A-A8F2-495C-929C-59FD59A1FB14}.Debug|Any CPU.ActiveCfg = Debug|Any CPU
		{16F2D38A-A8F2-495C-929C-59FD59A1FB14}.Debug|Any CPU.Build.0 = Debug|Any CPU
		{16F2D38A-A8F2-495C-929C-59FD59A1FB14}.Release|Any CPU.ActiveCfg = Release|Any CPU
		{16F2D38A-A8F2-495C-929C-59FD59A1FB14}.Release|Any CPU.Build.0 = Release|Any CPU
		{B15D134E-106B-40FC-8C9F-59AA178BCE3B}.Debug|Any CPU.ActiveCfg = Debug|Any CPU
		{B15D134E-106B-40FC-8C9F-59AA178BCE3B}.Debug|Any CPU.Build.0 = Debug|Any CPU
		{B15D134E-106B-40FC-8C9F-59AA178BCE3B}.Release|Any CPU.ActiveCfg = Release|Any CPU
		{B15D134E-106B-40FC-8C9F-59AA178BCE3B}.Release|Any CPU.Build.0 = Release|Any CPU
		{3AA91EE8-724D-4393-80DD-A982096FB732}.Debug|Any CPU.ActiveCfg = Debug|Any CPU
		{3AA91EE8-724D-4393-80DD-A982096FB732}.Debug|Any CPU.Build.0 = Debug|Any CPU
		{3AA91EE8-724D-4393-80DD-A982096FB732}.Release|Any CPU.ActiveCfg = Release|Any CPU
		{3AA91EE8-724D-4393-80DD-A982096FB732}.Release|Any CPU.Build.0 = Release|Any CPU
		{5538CCB4-735D-45AF-9693-D2D1953FD31E}.Debug|Any CPU.ActiveCfg = Debug|Any CPU
		{5538CCB4-735D-45AF-9693-D2D1953FD31E}.Debug|Any CPU.Build.0 = Debug|Any CPU
		{5538CCB4-735D-45AF-9693-D2D1953FD31E}.Release|Any CPU.ActiveCfg = Release|Any CPU
		{5538CCB4-735D-45AF-9693-D2D1953FD31E}.Release|Any CPU.Build.0 = Release|Any CPU
		{D4523E18-B34C-433A-B14D-03568F1E4F6C}.Debug|Any CPU.ActiveCfg = Debug|Any CPU
		{D4523E18-B34C-433A-B14D-03568F1E4F6C}.Debug|Any CPU.Build.0 = Debug|Any CPU
		{D4523E18-B34C-433A-B14D-03568F1E4F6C}.Release|Any CPU.ActiveCfg = Release|Any CPU
		{D4523E18-B34C-433A-B14D-03568F1E4F6C}.Release|Any CPU.Build.0 = Release|Any CPU
		{12E40087-904F-4BAD-ADAF-06B3A65A70B6}.Debug|Any CPU.ActiveCfg = Debug|Any CPU
		{12E40087-904F-4BAD-ADAF-06B3A65A70B6}.Debug|Any CPU.Build.0 = Debug|Any CPU
		{12E40087-904F-4BAD-ADAF-06B3A65A70B6}.Release|Any CPU.ActiveCfg = Release|Any CPU
		{12E40087-904F-4BAD-ADAF-06B3A65A70B6}.Release|Any CPU.Build.0 = Release|Any CPU
		{B0C9C626-49A4-450E-90C9-AC54A4319475}.Debug|Any CPU.ActiveCfg = Debug|Any CPU
		{B0C9C626-49A4-450E-90C9-AC54A4319475}.Debug|Any CPU.Build.0 = Debug|Any CPU
		{B0C9C626-49A4-450E-90C9-AC54A4319475}.Release|Any CPU.ActiveCfg = Release|Any CPU
		{B0C9C626-49A4-450E-90C9-AC54A4319475}.Release|Any CPU.Build.0 = Release|Any CPU
		{7613F096-9FE0-4B3B-89EB-45E9428CDBED}.Debug|Any CPU.ActiveCfg = Debug|Any CPU
		{7613F096-9FE0-4B3B-89EB-45E9428CDBED}.Debug|Any CPU.Build.0 = Debug|Any CPU
		{7613F096-9FE0-4B3B-89EB-45E9428CDBED}.Release|Any CPU.ActiveCfg = Release|Any CPU
		{7613F096-9FE0-4B3B-89EB-45E9428CDBED}.Release|Any CPU.Build.0 = Release|Any CPU
		{DBB15B22-5CBA-4441-9079-52AF6A81C0F6}.Debug|Any CPU.ActiveCfg = Debug|Any CPU
		{DBB15B22-5CBA-4441-9079-52AF6A81C0F6}.Debug|Any CPU.Build.0 = Debug|Any CPU
		{DBB15B22-5CBA-4441-9079-52AF6A81C0F6}.Release|Any CPU.ActiveCfg = Release|Any CPU
		{DBB15B22-5CBA-4441-9079-52AF6A81C0F6}.Release|Any CPU.Build.0 = Release|Any CPU
		{B8C7C2D8-EFC4-4E40-A936-8CB779CDA9D8}.Debug|Any CPU.ActiveCfg = Debug|Any CPU
		{B8C7C2D8-EFC4-4E40-A936-8CB779CDA9D8}.Debug|Any CPU.Build.0 = Debug|Any CPU
		{B8C7C2D8-EFC4-4E40-A936-8CB779CDA9D8}.Release|Any CPU.ActiveCfg = Release|Any CPU
		{B8C7C2D8-EFC4-4E40-A936-8CB779CDA9D8}.Release|Any CPU.Build.0 = Release|Any CPU
		{B70F0B35-ABC4-4AC9-8894-A56D8C59DEE3}.Debug|Any CPU.ActiveCfg = Debug|Any CPU
		{B70F0B35-ABC4-4AC9-8894-A56D8C59DEE3}.Debug|Any CPU.Build.0 = Debug|Any CPU
		{B70F0B35-ABC4-4AC9-8894-A56D8C59DEE3}.Release|Any CPU.ActiveCfg = Release|Any CPU
		{B70F0B35-ABC4-4AC9-8894-A56D8C59DEE3}.Release|Any CPU.Build.0 = Release|Any CPU
		{9262435E-C614-4C53-ABA5-21F3EDBC4CB6}.Debug|Any CPU.ActiveCfg = Debug|Any CPU
		{9262435E-C614-4C53-ABA5-21F3EDBC4CB6}.Debug|Any CPU.Build.0 = Debug|Any CPU
		{9262435E-C614-4C53-ABA5-21F3EDBC4CB6}.Release|Any CPU.ActiveCfg = Release|Any CPU
		{9262435E-C614-4C53-ABA5-21F3EDBC4CB6}.Release|Any CPU.Build.0 = Release|Any CPU
		{4CEBF6BE-F452-4388-B0A1-EA2FE558B93F}.Debug|Any CPU.ActiveCfg = Debug|Any CPU
		{4CEBF6BE-F452-4388-B0A1-EA2FE558B93F}.Debug|Any CPU.Build.0 = Debug|Any CPU
		{4CEBF6BE-F452-4388-B0A1-EA2FE558B93F}.Release|Any CPU.ActiveCfg = Release|Any CPU
		{4CEBF6BE-F452-4388-B0A1-EA2FE558B93F}.Release|Any CPU.Build.0 = Release|Any CPU
		{EB5EA67F-98A1-495E-B310-8DE28758E527}.Debug|Any CPU.ActiveCfg = Debug|Any CPU
		{EB5EA67F-98A1-495E-B310-8DE28758E527}.Debug|Any CPU.Build.0 = Debug|Any CPU
		{EB5EA67F-98A1-495E-B310-8DE28758E527}.Release|Any CPU.ActiveCfg = Release|Any CPU
		{EB5EA67F-98A1-495E-B310-8DE28758E527}.Release|Any CPU.Build.0 = Release|Any CPU
		{015597A3-9ACC-44F6-82D9-523D0AB1D769}.Debug|Any CPU.ActiveCfg = Debug|Any CPU
		{015597A3-9ACC-44F6-82D9-523D0AB1D769}.Debug|Any CPU.Build.0 = Debug|Any CPU
		{015597A3-9ACC-44F6-82D9-523D0AB1D769}.Release|Any CPU.ActiveCfg = Release|Any CPU
		{015597A3-9ACC-44F6-82D9-523D0AB1D769}.Release|Any CPU.Build.0 = Release|Any CPU
		{4E22E55F-46E3-430E-85DF-F3625339F218}.Debug|Any CPU.ActiveCfg = Debug|Any CPU
		{4E22E55F-46E3-430E-85DF-F3625339F218}.Debug|Any CPU.Build.0 = Debug|Any CPU
		{4E22E55F-46E3-430E-85DF-F3625339F218}.Release|Any CPU.ActiveCfg = Release|Any CPU
		{4E22E55F-46E3-430E-85DF-F3625339F218}.Release|Any CPU.Build.0 = Release|Any CPU
		{87117A87-364A-40F4-8FB5-C695A776BDFA}.Debug|Any CPU.ActiveCfg = Debug|Any CPU
		{87117A87-364A-40F4-8FB5-C695A776BDFA}.Debug|Any CPU.Build.0 = Debug|Any CPU
		{87117A87-364A-40F4-8FB5-C695A776BDFA}.Release|Any CPU.ActiveCfg = Release|Any CPU
		{87117A87-364A-40F4-8FB5-C695A776BDFA}.Release|Any CPU.Build.0 = Release|Any CPU
		{24F9A62C-A673-43A2-834F-65C5A8BC2B84}.Debug|Any CPU.ActiveCfg = Debug|Any CPU
		{24F9A62C-A673-43A2-834F-65C5A8BC2B84}.Debug|Any CPU.Build.0 = Debug|Any CPU
		{24F9A62C-A673-43A2-834F-65C5A8BC2B84}.Release|Any CPU.ActiveCfg = Release|Any CPU
		{24F9A62C-A673-43A2-834F-65C5A8BC2B84}.Release|Any CPU.Build.0 = Release|Any CPU
		{72FFDCC0-4723-4091-BBE0-0ECFD411CA3B}.Debug|Any CPU.ActiveCfg = Debug|Any CPU
		{72FFDCC0-4723-4091-BBE0-0ECFD411CA3B}.Debug|Any CPU.Build.0 = Debug|Any CPU
		{72FFDCC0-4723-4091-BBE0-0ECFD411CA3B}.Release|Any CPU.ActiveCfg = Release|Any CPU
		{72FFDCC0-4723-4091-BBE0-0ECFD411CA3B}.Release|Any CPU.Build.0 = Release|Any CPU
		{9BA8D379-B707-46DD-B295-1F02B391B04A}.Debug|Any CPU.ActiveCfg = Debug|Any CPU
		{9BA8D379-B707-46DD-B295-1F02B391B04A}.Debug|Any CPU.Build.0 = Debug|Any CPU
		{9BA8D379-B707-46DD-B295-1F02B391B04A}.Release|Any CPU.ActiveCfg = Release|Any CPU
		{9BA8D379-B707-46DD-B295-1F02B391B04A}.Release|Any CPU.Build.0 = Release|Any CPU
		{3179EF72-FE0F-48D1-B4D5-4B88EAEF72BE}.Debug|Any CPU.ActiveCfg = Debug|Any CPU
		{3179EF72-FE0F-48D1-B4D5-4B88EAEF72BE}.Debug|Any CPU.Build.0 = Debug|Any CPU
		{3179EF72-FE0F-48D1-B4D5-4B88EAEF72BE}.Release|Any CPU.ActiveCfg = Release|Any CPU
		{3179EF72-FE0F-48D1-B4D5-4B88EAEF72BE}.Release|Any CPU.Build.0 = Release|Any CPU
		{391C0CB8-1EC0-4594-86FB-559EDE038ED3}.Debug|Any CPU.ActiveCfg = Debug|Any CPU
		{391C0CB8-1EC0-4594-86FB-559EDE038ED3}.Debug|Any CPU.Build.0 = Debug|Any CPU
		{391C0CB8-1EC0-4594-86FB-559EDE038ED3}.Release|Any CPU.ActiveCfg = Release|Any CPU
		{391C0CB8-1EC0-4594-86FB-559EDE038ED3}.Release|Any CPU.Build.0 = Release|Any CPU
		{71E43144-9C1B-401B-A24E-978D529B36DF}.Debug|Any CPU.ActiveCfg = Debug|Any CPU
		{71E43144-9C1B-401B-A24E-978D529B36DF}.Debug|Any CPU.Build.0 = Debug|Any CPU
		{71E43144-9C1B-401B-A24E-978D529B36DF}.Release|Any CPU.ActiveCfg = Release|Any CPU
		{71E43144-9C1B-401B-A24E-978D529B36DF}.Release|Any CPU.Build.0 = Release|Any CPU
		{2E5C91BA-4E98-483A-8034-F1393B8114E7}.Debug|Any CPU.ActiveCfg = Debug|Any CPU
		{2E5C91BA-4E98-483A-8034-F1393B8114E7}.Debug|Any CPU.Build.0 = Debug|Any CPU
		{2E5C91BA-4E98-483A-8034-F1393B8114E7}.Release|Any CPU.ActiveCfg = Release|Any CPU
		{2E5C91BA-4E98-483A-8034-F1393B8114E7}.Release|Any CPU.Build.0 = Release|Any CPU
		{330B0DA0-F546-423A-A0CC-20CD5BC2980C}.Debug|Any CPU.ActiveCfg = Debug|Any CPU
		{330B0DA0-F546-423A-A0CC-20CD5BC2980C}.Debug|Any CPU.Build.0 = Debug|Any CPU
		{330B0DA0-F546-423A-A0CC-20CD5BC2980C}.Release|Any CPU.ActiveCfg = Release|Any CPU
		{330B0DA0-F546-423A-A0CC-20CD5BC2980C}.Release|Any CPU.Build.0 = Release|Any CPU
		{1D5EE2A7-DA5B-451C-BB00-C5FF0F44C9AE}.Debug|Any CPU.ActiveCfg = Debug|Any CPU
		{1D5EE2A7-DA5B-451C-BB00-C5FF0F44C9AE}.Debug|Any CPU.Build.0 = Debug|Any CPU
		{1D5EE2A7-DA5B-451C-BB00-C5FF0F44C9AE}.Release|Any CPU.ActiveCfg = Release|Any CPU
		{1D5EE2A7-DA5B-451C-BB00-C5FF0F44C9AE}.Release|Any CPU.Build.0 = Release|Any CPU
		{281DD749-037C-4324-BE55-41AC3D2D83D0}.Debug|Any CPU.ActiveCfg = Debug|Any CPU
		{281DD749-037C-4324-BE55-41AC3D2D83D0}.Debug|Any CPU.Build.0 = Debug|Any CPU
		{281DD749-037C-4324-BE55-41AC3D2D83D0}.Release|Any CPU.ActiveCfg = Release|Any CPU
		{281DD749-037C-4324-BE55-41AC3D2D83D0}.Release|Any CPU.Build.0 = Release|Any CPU
		{8AA636EC-95E7-4AEC-ABF3-5CB7EFF683B4}.Debug|Any CPU.ActiveCfg = Debug|Any CPU
		{8AA636EC-95E7-4AEC-ABF3-5CB7EFF683B4}.Debug|Any CPU.Build.0 = Debug|Any CPU
		{8AA636EC-95E7-4AEC-ABF3-5CB7EFF683B4}.Release|Any CPU.ActiveCfg = Release|Any CPU
		{8AA636EC-95E7-4AEC-ABF3-5CB7EFF683B4}.Release|Any CPU.Build.0 = Release|Any CPU
		{33F13A53-541B-4245-AF5E-C0FDF920025A}.Debug|Any CPU.ActiveCfg = Debug|Any CPU
		{33F13A53-541B-4245-AF5E-C0FDF920025A}.Debug|Any CPU.Build.0 = Debug|Any CPU
		{33F13A53-541B-4245-AF5E-C0FDF920025A}.Release|Any CPU.ActiveCfg = Release|Any CPU
		{33F13A53-541B-4245-AF5E-C0FDF920025A}.Release|Any CPU.Build.0 = Release|Any CPU
		{B2AAE1E7-F524-445D-9F83-63C230F03DD2}.Debug|Any CPU.ActiveCfg = Debug|Any CPU
		{B2AAE1E7-F524-445D-9F83-63C230F03DD2}.Debug|Any CPU.Build.0 = Debug|Any CPU
		{B2AAE1E7-F524-445D-9F83-63C230F03DD2}.Release|Any CPU.ActiveCfg = Release|Any CPU
		{B2AAE1E7-F524-445D-9F83-63C230F03DD2}.Release|Any CPU.Build.0 = Release|Any CPU
		{35E9B8CD-4C23-4E22-B497-FB87410CCCF4}.Debug|Any CPU.ActiveCfg = Debug|Any CPU
		{35E9B8CD-4C23-4E22-B497-FB87410CCCF4}.Debug|Any CPU.Build.0 = Debug|Any CPU
		{35E9B8CD-4C23-4E22-B497-FB87410CCCF4}.Release|Any CPU.ActiveCfg = Release|Any CPU
		{35E9B8CD-4C23-4E22-B497-FB87410CCCF4}.Release|Any CPU.Build.0 = Release|Any CPU
		{29C0C122-6694-4559-9B83-4121E6664F60}.Debug|Any CPU.ActiveCfg = Debug|Any CPU
		{29C0C122-6694-4559-9B83-4121E6664F60}.Debug|Any CPU.Build.0 = Debug|Any CPU
		{29C0C122-6694-4559-9B83-4121E6664F60}.Release|Any CPU.ActiveCfg = Release|Any CPU
		{29C0C122-6694-4559-9B83-4121E6664F60}.Release|Any CPU.Build.0 = Release|Any CPU
		{57BFC61E-418F-4C4C-9218-F930A145FC2D}.Debug|Any CPU.ActiveCfg = Debug|Any CPU
		{57BFC61E-418F-4C4C-9218-F930A145FC2D}.Debug|Any CPU.Build.0 = Debug|Any CPU
		{57BFC61E-418F-4C4C-9218-F930A145FC2D}.Release|Any CPU.ActiveCfg = Release|Any CPU
		{57BFC61E-418F-4C4C-9218-F930A145FC2D}.Release|Any CPU.Build.0 = Release|Any CPU
		{7E22B151-BDCE-40FD-9AF1-F0367B9378B6}.Debug|Any CPU.ActiveCfg = Debug|Any CPU
		{7E22B151-BDCE-40FD-9AF1-F0367B9378B6}.Debug|Any CPU.Build.0 = Debug|Any CPU
		{7E22B151-BDCE-40FD-9AF1-F0367B9378B6}.Release|Any CPU.ActiveCfg = Release|Any CPU
		{7E22B151-BDCE-40FD-9AF1-F0367B9378B6}.Release|Any CPU.Build.0 = Release|Any CPU
		{C48D1014-7866-44A5-A48D-E7E1C6C1271D}.Debug|Any CPU.ActiveCfg = Debug|Any CPU
		{C48D1014-7866-44A5-A48D-E7E1C6C1271D}.Debug|Any CPU.Build.0 = Debug|Any CPU
		{C48D1014-7866-44A5-A48D-E7E1C6C1271D}.Release|Any CPU.ActiveCfg = Release|Any CPU
		{C48D1014-7866-44A5-A48D-E7E1C6C1271D}.Release|Any CPU.Build.0 = Release|Any CPU
		{932A6088-C6CC-474D-9E06-57FBBA8C5A25}.Debug|Any CPU.ActiveCfg = Debug|Any CPU
		{932A6088-C6CC-474D-9E06-57FBBA8C5A25}.Debug|Any CPU.Build.0 = Debug|Any CPU
		{932A6088-C6CC-474D-9E06-57FBBA8C5A25}.Release|Any CPU.ActiveCfg = Release|Any CPU
		{932A6088-C6CC-474D-9E06-57FBBA8C5A25}.Release|Any CPU.Build.0 = Release|Any CPU
		{8EF38079-AFDC-4CB8-A32E-2EA0A8CDD116}.Debug|Any CPU.ActiveCfg = Debug|Any CPU
		{8EF38079-AFDC-4CB8-A32E-2EA0A8CDD116}.Debug|Any CPU.Build.0 = Debug|Any CPU
		{8EF38079-AFDC-4CB8-A32E-2EA0A8CDD116}.Release|Any CPU.ActiveCfg = Release|Any CPU
		{8EF38079-AFDC-4CB8-A32E-2EA0A8CDD116}.Release|Any CPU.Build.0 = Release|Any CPU
		{17F310D7-808D-4FDB-838D-6C2726A1582F}.Debug|Any CPU.ActiveCfg = Debug|Any CPU
		{17F310D7-808D-4FDB-838D-6C2726A1582F}.Debug|Any CPU.Build.0 = Debug|Any CPU
		{17F310D7-808D-4FDB-838D-6C2726A1582F}.Release|Any CPU.ActiveCfg = Release|Any CPU
		{17F310D7-808D-4FDB-838D-6C2726A1582F}.Release|Any CPU.Build.0 = Release|Any CPU
		{AC2C0946-C98F-4367-BFBC-5908053046F3}.Debug|Any CPU.ActiveCfg = Debug|Any CPU
		{AC2C0946-C98F-4367-BFBC-5908053046F3}.Debug|Any CPU.Build.0 = Debug|Any CPU
		{AC2C0946-C98F-4367-BFBC-5908053046F3}.Release|Any CPU.ActiveCfg = Release|Any CPU
		{AC2C0946-C98F-4367-BFBC-5908053046F3}.Release|Any CPU.Build.0 = Release|Any CPU
	EndGlobalSection
	GlobalSection(SolutionProperties) = preSolution
		HideSolutionNode = FALSE
	EndGlobalSection
	GlobalSection(ExtensibilityGlobals) = postSolution
		SolutionGuid = {D321D191-5E4D-4CAE-9D0E-7228B8DDEC75}
	EndGlobalSection
EndGlobal
