
Microsoft Visual Studio Solution File, Format Version 12.00
# Visual Studio 15
VisualStudioVersion = 15.0.28307.539
MinimumVisualStudioVersion = 10.0.40219.1
Project("{FAE04EC0-301F-11D3-BF4B-00C04F79EFBC}") = "_8_字符串转换整数", "_8_字符串转换整数\_8_字符串转换整数.csproj", "{2A799023-DBDC-49AD-A0A9-D6D4BBDE6C24}"
EndProject
Project("{FAE04EC0-301F-11D3-BF4B-00C04F79EFBC}") = "_5_最长回文字串", "_5_最长回文字串\_5_最长回文字串.csproj", "{DA49030F-A114-45B4-9B65-C73635332769}"
EndProject
Project("{FAE04EC0-301F-11D3-BF4B-00C04F79EFBC}") = "_1_两数之和", "两数之和\_1_两数之和.csproj", "{F9368C25-D245-452C-9B47-FFA5EF5E2519}"
EndProject
Project("{FAE04EC0-301F-11D3-BF4B-00C04F79EFBC}") = "_15_三数之和", "_15_三数之和\_15_三数之和.csproj", "{8BABEB86-AA82-45F9-BD68-2398417FFBB2}"
EndProject
Project("{FAE04EC0-301F-11D3-BF4B-00C04F79EFBC}") = "_3_无重复字符最长子串", "_3_无重复字符最长子串\_3_无重复字符最长子串.csproj", "{D8905775-D19F-4BDE-AA6B-8998F951AB23}"
EndProject
Project("{FAE04EC0-301F-11D3-BF4B-00C04F79EFBC}") = "_338_比特位计数", "_338_比特位计数\_338_比特位计数.csproj", "{6EBCA262-93E6-41E9-828D-A06AF6C28BF7}"
EndProject
Project("{FAE04EC0-301F-11D3-BF4B-00C04F79EFBC}") = "_14_最长公共前缀", "_14_最长公共前缀\_14_最长公共前缀.csproj", "{61107D00-6390-48AB-AC3E-2E9517F92B90}"
EndProject
Project("{FAE04EC0-301F-11D3-BF4B-00C04F79EFBC}") = "_258_各位相加", "_258_各位相加\_258_各位相加.csproj", "{3E056F2E-B6B0-4D01-98C4-5CBEC5233001}"
EndProject
Project("{FAE04EC0-301F-11D3-BF4B-00C04F79EFBC}") = "_821_字符间最短的距离", "_821_字符间最短的距离\_821_字符间最短的距离.csproj", "{289BCA13-6792-48BE-91C5-2B8251B5D478}"
EndProject
Project("{FAE04EC0-301F-11D3-BF4B-00C04F79EFBC}") = "_977_有序数组的平方", "_977_有序数组的平方\_977_有序数组的平方.csproj", "{657BF5AB-6D1D-4E31-87B9-C8DF7FD8EC07}"
EndProject
Project("{FAE04EC0-301F-11D3-BF4B-00C04F79EFBC}") = "_965_单值二叉树", "_965_单值二叉树\_965_单值二叉树.csproj", "{51F134AF-1A50-4007-81E7-92C688E40AFB}"
EndProject
Project("{FAE04EC0-301F-11D3-BF4B-00C04F79EFBC}") = "_67_二进制求和", "_67_二进制求和\_67_二进制求和.csproj", "{4E5A9A7B-3AD2-40F5-B54F-59055B4B7688}"
EndProject
Project("{FAE04EC0-301F-11D3-BF4B-00C04F79EFBC}") = "_950_按递增顺序显示卡牌", "_950_按递增顺序显示卡牌\_950_按递增顺序显示卡牌.csproj", "{2475CBF7-7651-4FB6-ABD3-7318F8A9FC72}"
EndProject
Project("{FAE04EC0-301F-11D3-BF4B-00C04F79EFBC}") = "_78_子集", "_78_子集\_78_子集.csproj", "{FA92B301-ED26-448D-AC88-92105E26C859}"
EndProject
Project("{FAE04EC0-301F-11D3-BF4B-00C04F79EFBC}") = "_832_翻转图像", "_832_翻转图像\_832_翻转图像.csproj", "{B7D3FBFD-2783-43CE-A692-36A1609CE010}"
EndProject
Project("{FAE04EC0-301F-11D3-BF4B-00C04F79EFBC}") = "_728_自除数", "_728_自除数\_728_自除数.csproj", "{DC626B84-BDCB-48FE-A096-67436436A8FA}"
EndProject
Project("{FAE04EC0-301F-11D3-BF4B-00C04F79EFBC}") = "_349_两个数组的交集", "_349_两个数组的交集\_349_两个数组的交集.csproj", "{1ABF56B4-F83B-4E6E-A157-717A0E472F31}"
EndProject
Project("{FAE04EC0-301F-11D3-BF4B-00C04F79EFBC}") = "_206_反转链表", "_206_反转链表\_206_反转链表.csproj", "{F44281C3-46FA-4FF0-BA26-C8BDAC5CB44E}"
EndProject
Project("{FAE04EC0-301F-11D3-BF4B-00C04F79EFBC}") = "_633_平方数之和", "_633_平方数之和\_633_平方数之和.csproj", "{D828B5A0-FDB3-448A-ABC0-46B8DBFDECDD}"
EndProject
Project("{FAE04EC0-301F-11D3-BF4B-00C04F79EFBC}") = "_414_第三大的数", "_414_第三大的数\_414_第三大的数.csproj", "{16F2D38A-A8F2-495C-929C-59FD59A1FB14}"
EndProject
Project("{FAE04EC0-301F-11D3-BF4B-00C04F79EFBC}") = "_66_加一", "_66_加一\_66_加一.csproj", "{B15D134E-106B-40FC-8C9F-59AA178BCE3B}"
EndProject
Project("{FAE04EC0-301F-11D3-BF4B-00C04F79EFBC}") = "_125_验证回文字串", "_125_验证回文字串\_125_验证回文字串.csproj", "{3AA91EE8-724D-4393-80DD-A982096FB732}"
EndProject
Project("{FAE04EC0-301F-11D3-BF4B-00C04F79EFBC}") = "_387_字符串中第一个唯一字符", "字符串中第一个唯一字符\_387_字符串中第一个唯一字符.csproj", "{5538CCB4-735D-45AF-9693-D2D1953FD31E}"
EndProject
Project("{FAE04EC0-301F-11D3-BF4B-00C04F79EFBC}") = "_747_至少是其他数字两倍的最大数", "_747_至少是其他数字两倍的最大数\_747_至少是其他数字两倍的最大数.csproj", "{D4523E18-B34C-433A-B14D-03568F1E4F6C}"
EndProject
Project("{FAE04EC0-301F-11D3-BF4B-00C04F79EFBC}") = "_219_存在重复元素II", "_219_存在重复元素II\_219_存在重复元素II.csproj", "{12E40087-904F-4BAD-ADAF-06B3A65A70B6}"
EndProject
Project("{FAE04EC0-301F-11D3-BF4B-00C04F79EFBC}") = "_1041_困于环中的机器人", "_1041_困于环中的机器人\_1041_困于环中的机器人.csproj", "{B0C9C626-49A4-450E-90C9-AC54A4319475}"
EndProject
Project("{FAE04EC0-301F-11D3-BF4B-00C04F79EFBC}") = "_172_阶乘后的零", "_172_阶乘后的零\_172_阶乘后的零.csproj", "{7613F096-9FE0-4B3B-89EB-45E9428CDBED}"
EndProject
Project("{FAE04EC0-301F-11D3-BF4B-00C04F79EFBC}") = "_441_排列硬币", "_414_排列硬币\_441_排列硬币.csproj", "{DBB15B22-5CBA-4441-9079-52AF6A81C0F6}"
EndProject
Project("{FAE04EC0-301F-11D3-BF4B-00C04F79EFBC}") = "_21_合并两个有序链表", "_21_合并两个有序链表\_21_合并两个有序链表.csproj", "{B8C7C2D8-EFC4-4E40-A936-8CB779CDA9D8}"
EndProject
Project("{FAE04EC0-301F-11D3-BF4B-00C04F79EFBC}") = "_1103_分糖果II", "_1103_分糖果II\_1103_分糖果II.csproj", "{B70F0B35-ABC4-4AC9-8894-A56D8C59DEE3}"
EndProject
Project("{FAE04EC0-301F-11D3-BF4B-00C04F79EFBC}") = "_1051_高度检查器", "_1051_高度检查器\_1051_高度检查器.csproj", "{9262435E-C614-4C53-ABA5-21F3EDBC4CB6}"
EndProject
Project("{FAE04EC0-301F-11D3-BF4B-00C04F79EFBC}") = "_917_仅仅反转字母", "_917_仅仅反转字母\_917_仅仅反转字母.csproj", "{4CEBF6BE-F452-4388-B0A1-EA2FE558B93F}"
EndProject
Project("{FAE04EC0-301F-11D3-BF4B-00C04F79EFBC}") = "_896_单调序列", "_896_单调序列\_896_单调序列.csproj", "{EB5EA67F-98A1-495E-B310-8DE28758E527}"
EndProject
Project("{FAE04EC0-301F-11D3-BF4B-00C04F79EFBC}") = "_104_二叉树的最大深度", "_104_二叉树的最大深度\_104_二叉树的最大深度.csproj", "{015597A3-9ACC-44F6-82D9-523D0AB1D769}"
EndProject
Project("{FAE04EC0-301F-11D3-BF4B-00C04F79EFBC}") = "_412_Fizz Buzz", "_412_Fizz Buzz\_412_Fizz Buzz.csproj", "{4E22E55F-46E3-430E-85DF-F3625339F218}"
EndProject
Project("{FAE04EC0-301F-11D3-BF4B-00C04F79EFBC}") = "_283_移动0", "_283_移动0\_283_移动0.csproj", "{87117A87-364A-40F4-8FB5-C695A776BDFA}"
EndProject
Project("{FAE04EC0-301F-11D3-BF4B-00C04F79EFBC}") = "_169_求众数", "_169_求众数\_169_求众数.csproj", "{24F9A62C-A673-43A2-834F-65C5A8BC2B84}"
EndProject
Project("{FAE04EC0-301F-11D3-BF4B-00C04F79EFBC}") = "_13_罗马数字转整数", "_13_罗马数字转整数\_13_罗马数字转整数.csproj", "{72FFDCC0-4723-4091-BBE0-0ECFD411CA3B}"
EndProject
Project("{FAE04EC0-301F-11D3-BF4B-00C04F79EFBC}") = "_242_有效的字母异位词", "_242_有效的字母异位词\_242_有效的字母异位词.csproj", "{9BA8D379-B707-46DD-B295-1F02B391B04A}"
EndProject
Project("{FAE04EC0-301F-11D3-BF4B-00C04F79EFBC}") = "_217_存在重复元素", "_217_存在重复元素\_217_存在重复元素.csproj", "{3179EF72-FE0F-48D1-B4D5-4B88EAEF72BE}"
EndProject
Project("{FAE04EC0-301F-11D3-BF4B-00C04F79EFBC}") = "_268_缺失数字", "_268_缺失数字\_268_缺失数字.csproj", "{391C0CB8-1EC0-4594-86FB-559EDE038ED3}"
EndProject
Project("{FAE04EC0-301F-11D3-BF4B-00C04F79EFBC}") = "_191_位1的个数", "_191_位1的个数\_191_位1的个数.csproj", "{71E43144-9C1B-401B-A24E-978D529B36DF}"
EndProject
Project("{FAE04EC0-301F-11D3-BF4B-00C04F79EFBC}") = "_171_Excel表序号", "_171_Excel表序号\_171_Excel表序号.csproj", "{2E5C91BA-4E98-483A-8034-F1393B8114E7}"
EndProject
Project("{FAE04EC0-301F-11D3-BF4B-00C04F79EFBC}") = "_101_对称二叉树", "_101_对称二叉树\_101_对称二叉树.csproj", "{330B0DA0-F546-423A-A0CC-20CD5BC2980C}"
EndProject
Project("{FAE04EC0-301F-11D3-BF4B-00C04F79EFBC}") = "_70_爬楼梯", "_70_爬楼梯\_70_爬楼梯.csproj", "{1D5EE2A7-DA5B-451C-BB00-C5FF0F44C9AE}"
EndProject
Project("{FAE04EC0-301F-11D3-BF4B-00C04F79EFBC}") = "_198_打家劫舍", "_198_打家劫舍\_198_打家劫舍.csproj", "{281DD749-037C-4324-BE55-41AC3D2D83D0}"
EndProject
Project("{FAE04EC0-301F-11D3-BF4B-00C04F79EFBC}") = "_189_旋转数组", "_189_旋转数组\_189_旋转数组.csproj", "{8AA636EC-95E7-4AEC-ABF3-5CB7EFF683B4}"
EndProject
Project("{FAE04EC0-301F-11D3-BF4B-00C04F79EFBC}") = "_226_翻转二叉树", "_226_翻转二叉树\_226_翻转二叉树.csproj", "{33F13A53-541B-4245-AF5E-C0FDF920025A}"
EndProject
Project("{FAE04EC0-301F-11D3-BF4B-00C04F79EFBC}") = "_617_合并二叉树", "_617_合并二叉树\_617_合并二叉树.csproj", "{B2AAE1E7-F524-445D-9F83-63C230F03DD2}"
EndProject
Project("{FAE04EC0-301F-11D3-BF4B-00C04F79EFBC}") = "_404_左叶子之和", "_404_左叶子之和\_404_左叶子之和.csproj", "{35E9B8CD-4C23-4E22-B497-FB87410CCCF4}"
EndProject
Project("{FAE04EC0-301F-11D3-BF4B-00C04F79EFBC}") = "_112_路径总和", "_112_路径总和\_112_路径总和.csproj", "{29C0C122-6694-4559-9B83-4121E6664F60}"
EndProject
Project("{FAE04EC0-301F-11D3-BF4B-00C04F79EFBC}") = "_111_二叉树的最小深度", "_111_二叉树的最小深度\_111_二叉树的最小深度.csproj", "{57BFC61E-418F-4C4C-9218-F930A145FC2D}"
EndProject
Project("{FAE04EC0-301F-11D3-BF4B-00C04F79EFBC}") = "_700_二叉搜索树中的搜索", "_700_二叉搜索树中的搜索\_700_二叉搜索树中的搜索.csproj", "{7E22B151-BDCE-40FD-9AF1-F0367B9378B6}"
EndProject
Project("{FAE04EC0-301F-11D3-BF4B-00C04F79EFBC}") = "_783_二叉搜索树节点最小距离", "_783_二叉搜索树节点最小距离\_783_二叉搜索树节点最小距离.csproj", "{C48D1014-7866-44A5-A48D-E7E1C6C1271D}"
EndProject
Project("{FAE04EC0-301F-11D3-BF4B-00C04F79EFBC}") = "_121_买卖股票的最佳时机", "_121_买卖股票的最佳时机\_121_买卖股票的最佳时机.csproj", "{932A6088-C6CC-474D-9E06-57FBBA8C5A25}"
EndProject
Project("{FAE04EC0-301F-11D3-BF4B-00C04F79EFBC}") = "_62_不同路径", "_62_不同路径\_62_不同路径.csproj", "{8EF38079-AFDC-4CB8-A32E-2EA0A8CDD116}"
EndProject
Project("{FAE04EC0-301F-11D3-BF4B-00C04F79EFBC}") = "_88_合并两个有序数组", "_88_合并两个有序数组\_88_合并两个有序数组.csproj", "{17F310D7-808D-4FDB-838D-6C2726A1582F}"
EndProject
Project("{FAE04EC0-301F-11D3-BF4B-00C04F79EFBC}") = "字符串的排列", "字符串的排列\字符串的排列.csproj", "{AC2C0946-C98F-4367-BFBC-5908053046F3}"
EndProject
Project("{FAE04EC0-301F-11D3-BF4B-00C04F79EFBC}") = "_1108_地址无效化", "_1108_地址无效化\_1108_地址无效化.csproj", "{A71A0D83-993C-436B-AD6C-43EC52937547}"
EndProject
Project("{FAE04EC0-301F-11D3-BF4B-00C04F79EFBC}") = "字符串相乘", "字符串相乘\字符串相乘.csproj", "{EFF98DD6-26EE-4462-852B-FCDB95C1B1A7}"
EndProject
Project("{FAE04EC0-301F-11D3-BF4B-00C04F79EFBC}") = "_448_找到所有数组中消失的数", "_448_找到所有数组中消失的数\_448_找到所有数组中消失的数.csproj", "{0179E916-C02F-48BA-94DD-2C15263D7F23}"
EndProject
Project("{FAE04EC0-301F-11D3-BF4B-00C04F79EFBC}") = "_160_相交链表", "_160_相交链表\_160_相交链表.csproj", "{A8E54245-778F-4056-9A4B-4CA394668F43}"
EndProject
Project("{FAE04EC0-301F-11D3-BF4B-00C04F79EFBC}") = "_438_找到字符串中所有字母异位词", "_438_找到字符串中所有字母异位词\_438_找到字符串中所有字母异位词.csproj", "{CA40DCE4-5C4F-40F6-8A39-FCEE77A81B16}"
EndProject
Project("{FAE04EC0-301F-11D3-BF4B-00C04F79EFBC}") = "_234_回文链表", "_234_回文链表\_234_回文链表.csproj", "{73F08499-80D6-44EA-86C8-E087573C692B}"
EndProject
Project("{FAE04EC0-301F-11D3-BF4B-00C04F79EFBC}") = "_11_盛水最多的容器", "_11_盛水最多的容器\_11_盛水最多的容器.csproj", "{0429F3BF-8653-4055-AFF2-19FE890A7270}"
EndProject
Project("{FAE04EC0-301F-11D3-BF4B-00C04F79EFBC}") = "_42_接雨水", "_42_接雨水\_42_接雨水.csproj", "{AE17F2CB-DF93-4CC7-8735-4283052988E0}"
EndProject
Project("{FAE04EC0-301F-11D3-BF4B-00C04F79EFBC}") = "_350_两个数组的交集II", "_350_两个数组的交集II\_350_两个数组的交集II.csproj", "{CE3B929E-4E40-472D-BB27-44C643704420}"
EndProject
Project("{FAE04EC0-301F-11D3-BF4B-00C04F79EFBC}") = "_122_买卖股票的最佳时期II", "_122_买卖股票的最佳时期II\_122_买卖股票的最佳时期II.csproj", "{00455CEA-9562-4818-9877-490CFDB78F68}"
EndProject
Project("{FAE04EC0-301F-11D3-BF4B-00C04F79EFBC}") = "_200_岛屿数量", "_200_岛屿数量\_200_岛屿数量.csproj", "{2F478113-CB00-4371-B451-ED4BAC5B1BBF}"
EndProject
Project("{FAE04EC0-301F-11D3-BF4B-00C04F79EFBC}") = "_905_按奇偶排序数组", "_905_按奇偶排序数组\_905_按奇偶排序数组.csproj", "{0D7105C6-D879-4188-9887-485776D45D77}"
EndProject
Project("{FAE04EC0-301F-11D3-BF4B-00C04F79EFBC}") = "_521_最长特殊序列I", "_521_最长特殊序列I\_521_最长特殊序列I.csproj", "{04C13C82-3533-4449-96E1-F04FF3A43AFD}"
EndProject
Project("{FAE04EC0-301F-11D3-BF4B-00C04F79EFBC}") = "_201_数字范围按位与", "_201_数字范围按位与\_201_数字范围按位与.csproj", "{8871EF89-002F-45B0-A39C-3948F53E3B46}"
EndProject
Project("{FAE04EC0-301F-11D3-BF4B-00C04F79EFBC}") = "_429_N叉树的层序遍历", "_429_N叉树的层序遍历\_429_N叉树的层序遍历.csproj", "{1D41C682-8A01-4A40-97AD-3F0C2DF3E398}"
EndProject
Project("{FAE04EC0-301F-11D3-BF4B-00C04F79EFBC}") = "_32_最长有效括号", "_32_最长有效括号\_32_最长有效括号.csproj", "{FAC44132-3DE3-47D8-BC79-4E2030CCE3A8}"
EndProject
Project("{FAE04EC0-301F-11D3-BF4B-00C04F79EFBC}") = "_94_二叉树的中序遍历", "_94_二叉树的中序遍历\_94_二叉树的中序遍历.csproj", "{A63A1719-0970-4B97-8DFC-C225C22B4040}"
EndProject
Project("{FAE04EC0-301F-11D3-BF4B-00C04F79EFBC}") = "_144_二叉树的前序遍历", "_144_二叉树的前序遍历\_144_二叉树的前序遍历.csproj", "{646856CF-D90A-4B69-A350-024D7F75279A}"
EndProject
Project("{FAE04EC0-301F-11D3-BF4B-00C04F79EFBC}") = "_84_柱状图中最大矩形", "_84_柱状图中最大矩形\_84_柱状图中最大矩形.csproj", "{DF5FF2CD-3E0A-45EB-AFDA-50C18B56826A}"
EndProject
Project("{FAE04EC0-301F-11D3-BF4B-00C04F79EFBC}") = "_371_两整数之和", "_371_两整数之和\_371_两整数之和.csproj", "{90BA0802-518D-4A2D-8FA8-A54F925BB372}"
EndProject
Project("{FAE04EC0-301F-11D3-BF4B-00C04F79EFBC}") = "_190_颠倒二进制位", "_190_颠倒二进制位\_190_颠倒二进制位.csproj", "{D08F7D5E-018B-4211-B34B-DD31623C88D0}"
EndProject
Project("{FAE04EC0-301F-11D3-BF4B-00C04F79EFBC}") = "_108_将有序数组转换为二叉搜索树", "_108_将有序数组转换为二叉搜索树\_108_将有序数组转换为二叉搜索树.csproj", "{5710C42B-9903-414C-B009-F1161974DEF8}"
EndProject
Project("{FAE04EC0-301F-11D3-BF4B-00C04F79EFBC}") = "_204_计数质数", "_204_计数质数\_204_计数质数.csproj", "{E217E027-D2B2-4AC5-B681-9656C041F81C}"
EndProject
Project("{FAE04EC0-301F-11D3-BF4B-00C04F79EFBC}") = "_260_只出现一次的数字", "_260_只出现一次的数字\_260_只出现一次的数字.csproj", "{A18A1A93-1B52-4C51-AE68-B91B20AC0348}"
EndProject
Project("{FAE04EC0-301F-11D3-BF4B-00C04F79EFBC}") = "_46_全排列", "_46_全排列\_46_全排列.csproj", "{3CF7312E-D53A-4AF6-8063-22BEF475476D}"
EndProject
Project("{FAE04EC0-301F-11D3-BF4B-00C04F79EFBC}") = "_230_二叉搜索树中第k小的元素", "_230_二叉搜索树中第k小的元素\_230_二叉搜索树中第k小的元素.csproj", "{3C07ECC4-A3F6-4769-8631-18749231F5B0}"
EndProject
Project("{FAE04EC0-301F-11D3-BF4B-00C04F79EFBC}") = "_671_二叉树中第二小的节点", "_671_二叉树中第二小的节点\_671_二叉树中第二小的节点.csproj", "{D12DD71F-4167-4839-9495-3DA4D4E3CB42}"
EndProject
Project("{FAE04EC0-301F-11D3-BF4B-00C04F79EFBC}") = "_215_数组中的第k个最大的元素", "_215_数组中的第k个最大的元素\_215_数组中的第k个最大的元素.csproj", "{6525BD68-2AF0-468B-9AA0-771CC92B220E}"
EndProject
Project("{FAE04EC0-301F-11D3-BF4B-00C04F79EFBC}") = "_118_杨辉三角", "_118_杨辉三角\_118_杨辉三角.csproj", "{7A29D423-56CE-4F1D-84F7-77B051C90474}"
EndProject
Project("{FAE04EC0-301F-11D3-BF4B-00C04F79EFBC}") = "_347_前K个高频元素", "_347_前K个高频元素\_347_前K个高频元素.csproj", "{F77FA2BD-B4B0-4197-882D-3A110D65AE43}"
EndProject
Project("{FAE04EC0-301F-11D3-BF4B-00C04F79EFBC}") = "_938_二叉搜索树的范围和", "_938_二叉搜索树的范围和\_938_二叉搜索树的范围和.csproj", "{59FF0146-494D-4FC3-A9D6-789BD30BB48E}"
EndProject
Project("{FAE04EC0-301F-11D3-BF4B-00C04F79EFBC}") = "_463_岛屿的周长", "_463_岛屿的周长\_463_岛屿的周长.csproj", "{27FC297B-34A0-42BC-BA14-3C8A029A9E3B}"
EndProject
Project("{FAE04EC0-301F-11D3-BF4B-00C04F79EFBC}") = "_289_生命游戏", "_289_生命游戏\_289_生命游戏.csproj", "{B1AB3179-BBA1-42C5-BA42-9C8C9A542428}"
EndProject
Project("{FAE04EC0-301F-11D3-BF4B-00C04F79EFBC}") = "_287_寻找重复数", "_287_寻找重复数\_287_寻找重复数.csproj", "{2D72D460-56C1-479B-96C6-CC27C76B2E0A}"
EndProject
Project("{FAE04EC0-301F-11D3-BF4B-00C04F79EFBC}") = "_235_二叉搜索树最近的公共祖先", "_235_二叉搜索树最近的公共祖先\_235_二叉搜索树最近的公共祖先.csproj", "{18E47922-3B46-4C8A-9C6C-13CA39BE0C07}"
EndProject
Project("{FAE04EC0-301F-11D3-BF4B-00C04F79EFBC}") = "_559_N叉树的最大深度", "_559_N叉树的最大深度\_559_N叉树的最大深度.csproj", "{7BD62AD5-492F-44F0-9395-E223D1FB170C}"
EndProject
Project("{FAE04EC0-301F-11D3-BF4B-00C04F79EFBC}") = "_669_修剪二叉搜索树", "_669_修剪二叉搜索树\_669_修剪二叉搜索树.csproj", "{490877B7-90B2-4806-A860-2F41699E6B93}"
EndProject
Project("{FAE04EC0-301F-11D3-BF4B-00C04F79EFBC}") = "_100_相同的树", "_100_相同的树\_100_相同的树.csproj", "{D35AD53D-F3FF-46BF-AC9E-60195E5510DC}"
EndProject
Project("{FAE04EC0-301F-11D3-BF4B-00C04F79EFBC}") = "_637_二叉树的层平均值", "_637_二叉树的层平均值\_637_二叉树的层平均值.csproj", "{BAA45F9D-AB85-4516-A5B9-5A0AD1DB75FD}"
EndProject
Project("{FAE04EC0-301F-11D3-BF4B-00C04F79EFBC}") = "_872_叶子相似的树", "_872_叶子相似的树\_872_叶子相似的树.csproj", "{7DEF156E-DA12-4F8B-B073-5A4DD8601194}"
EndProject
Project("{FAE04EC0-301F-11D3-BF4B-00C04F79EFBC}") = "_107_二叉树的层次遍历II", "_107_二叉树的层次遍历II\_107_二叉树的层次遍历II.csproj", "{BA846FD9-4773-48DA-993F-03E04AECDAD1}"
EndProject
Project("{FAE04EC0-301F-11D3-BF4B-00C04F79EFBC}") = "_897_递增顺序查找树", "_897_递增顺序查找树\_897_递增顺序查找树.csproj", "{FD5C9B38-949A-489D-AFB6-A04D9DE34AF2}"
EndProject
Project("{FAE04EC0-301F-11D3-BF4B-00C04F79EFBC}") = "_257_二叉树的所有路径", "_257_二叉树的所有路径\_257_二叉树的所有路径.csproj", "{3692F42D-2A33-4FEB-9D44-AEB9F82EDE24}"
EndProject
Project("{FAE04EC0-301F-11D3-BF4B-00C04F79EFBC}") = "_538_把二叉搜索树转换为累加树", "_538_把二叉搜索树转换为累加树\_538_把二叉搜索树转换为累加树.csproj", "{41DFB795-28C4-4355-AA02-3F0BC7429406}"
EndProject
Project("{FAE04EC0-301F-11D3-BF4B-00C04F79EFBC}") = "_437_路径总和III", "_437_路径总和III\_437_路径总和III.csproj", "{9792E3A7-4737-4423-BB0F-3D25AE539149}"
EndProject
Project("{FAE04EC0-301F-11D3-BF4B-00C04F79EFBC}") = "_110_平衡二叉树", "_110_平衡二叉树\_110_平衡二叉树.csproj", "{5FC33B3E-B341-444E-976E-3F679B4F0D6E}"
EndProject
Project("{FAE04EC0-301F-11D3-BF4B-00C04F79EFBC}") = "_129_求根到叶子节点数字之和", "_129_求根到叶子节点数字之和\_129_求根到叶子节点数字之和.csproj", "{0CCAFB78-0896-4436-93AE-E5832EA79E52}"
EndProject
Project("{FAE04EC0-301F-11D3-BF4B-00C04F79EFBC}") = "_102_二叉树的层次遍历", "_102_二叉树的层次遍历\_102_二叉树的层次遍历.csproj", "{C7188ACD-E36E-412D-B5AE-53644F0F6A57}"
EndProject
Project("{FAE04EC0-301F-11D3-BF4B-00C04F79EFBC}") = "_113_路径总和II", "_113_路径总和II\_113_路径总和II.csproj", "{6A46B211-AE47-4D69-8BAA-B24858963F9F}"
EndProject
Project("{FAE04EC0-301F-11D3-BF4B-00C04F79EFBC}") = "_145_二叉树的后序遍历", "_145_二叉树的后序遍历\_145_二叉树的后序遍历.csproj", "{F2896ECF-14B1-4462-9D81-A5E66F871532}"
EndProject
Project("{FAE04EC0-301F-11D3-BF4B-00C04F79EFBC}") = "_114_二叉树展开为链表", "_114_二叉树展开为链表\_114_二叉树展开为链表.csproj", "{9E7E45B0-749F-48A2-A5F7-9CC3B84D9A1F}"
EndProject
Project("{FAE04EC0-301F-11D3-BF4B-00C04F79EFBC}") = "_98_验证二叉搜索树", "_98_验证二叉搜索树\_98_验证二叉搜索树.csproj", "{F8EA21F8-7A32-4507-9533-97637B2E7A78}"
EndProject
Project("{FAE04EC0-301F-11D3-BF4B-00C04F79EFBC}") = "_653_两数之和IV输入BST", "_653_两数之和IV输入BST\_653_两数之和IV输入BST.csproj", "{08ADD5CC-7E88-4AF9-B723-32049A53CA1D}"
EndProject
Project("{FAE04EC0-301F-11D3-BF4B-00C04F79EFBC}") = "_99_恢复二叉搜索树", "_99_恢复二叉搜索树\_99_恢复二叉搜索树.csproj", "{560614E4-46CF-4D72-B6CB-340854B36FBD}"
EndProject
Project("{FAE04EC0-301F-11D3-BF4B-00C04F79EFBC}") = "_867_转置矩阵", "_867_转置矩阵\_867_转置矩阵.csproj", "{CAEA9453-17F5-44DE-9BC9-E764886D1982}"
EndProject
Project("{FAE04EC0-301F-11D3-BF4B-00C04F79EFBC}") = "_876_链表的中间节点", "_876_链表的中间节点\_876_链表的中间节点.csproj", "{2878C885-8D98-409A-AF10-ABFEE3F502FC}"
EndProject
Project("{FAE04EC0-301F-11D3-BF4B-00C04F79EFBC}") = "_575_分糖果", "_575_分糖果\_575_分糖果.csproj", "{E4C6F7D9-1663-4F8B-BBD9-A76A2D5F887A}"
EndProject
Project("{FAE04EC0-301F-11D3-BF4B-00C04F79EFBC}") = "_500_键盘行", "_500_键盘行\_500_键盘行.csproj", "{AA7696D0-6F05-4AFF-848E-EC3FC467A012}"
EndProject
Project("{FAE04EC0-301F-11D3-BF4B-00C04F79EFBC}") = "_203_移除链表元素", "_203_移除链表元素\_203_移除链表元素.csproj", "{BEF5A57B-6799-4C13-9F33-FBC3FD58BA72}"
EndProject
Project("{FAE04EC0-301F-11D3-BF4B-00C04F79EFBC}") = "_109_有序链表转换二叉搜索树", "_109_有序链表转换二叉搜索树\_109_有序链表转换二叉搜索树.csproj", "{7B34C7A8-69B0-4DA3-9DD6-EE999CBDEBD4}"
EndProject
Project("{FAE04EC0-301F-11D3-BF4B-00C04F79EFBC}") = "_56_合并区间", "_56_合并区间\_56_合并区间.csproj", "{258F1E7E-BE57-4605-99B1-2B4E9C37C997}"
EndProject
Project("{FAE04EC0-301F-11D3-BF4B-00C04F79EFBC}") = "_236_二叉树的最近公共祖先", "_236_二叉树的最近公共祖先\_236_二叉树的最近公共祖先.csproj", "{DA763978-3689-48D1-8A2E-E698B6A6EC90}"
EndProject
Global
	GlobalSection(SolutionConfigurationPlatforms) = preSolution
		Debug|Any CPU = Debug|Any CPU
		Release|Any CPU = Release|Any CPU
	EndGlobalSection
	GlobalSection(ProjectConfigurationPlatforms) = postSolution
		{2A799023-DBDC-49AD-A0A9-D6D4BBDE6C24}.Debug|Any CPU.ActiveCfg = Debug|Any CPU
		{2A799023-DBDC-49AD-A0A9-D6D4BBDE6C24}.Debug|Any CPU.Build.0 = Debug|Any CPU
		{2A799023-DBDC-49AD-A0A9-D6D4BBDE6C24}.Release|Any CPU.ActiveCfg = Release|Any CPU
		{2A799023-DBDC-49AD-A0A9-D6D4BBDE6C24}.Release|Any CPU.Build.0 = Release|Any CPU
		{DA49030F-A114-45B4-9B65-C73635332769}.Debug|Any CPU.ActiveCfg = Debug|Any CPU
		{DA49030F-A114-45B4-9B65-C73635332769}.Debug|Any CPU.Build.0 = Debug|Any CPU
		{DA49030F-A114-45B4-9B65-C73635332769}.Release|Any CPU.ActiveCfg = Release|Any CPU
		{DA49030F-A114-45B4-9B65-C73635332769}.Release|Any CPU.Build.0 = Release|Any CPU
		{F9368C25-D245-452C-9B47-FFA5EF5E2519}.Debug|Any CPU.ActiveCfg = Debug|Any CPU
		{F9368C25-D245-452C-9B47-FFA5EF5E2519}.Debug|Any CPU.Build.0 = Debug|Any CPU
		{F9368C25-D245-452C-9B47-FFA5EF5E2519}.Release|Any CPU.ActiveCfg = Release|Any CPU
		{F9368C25-D245-452C-9B47-FFA5EF5E2519}.Release|Any CPU.Build.0 = Release|Any CPU
		{8BABEB86-AA82-45F9-BD68-2398417FFBB2}.Debug|Any CPU.ActiveCfg = Debug|Any CPU
		{8BABEB86-AA82-45F9-BD68-2398417FFBB2}.Debug|Any CPU.Build.0 = Debug|Any CPU
		{8BABEB86-AA82-45F9-BD68-2398417FFBB2}.Release|Any CPU.ActiveCfg = Release|Any CPU
		{8BABEB86-AA82-45F9-BD68-2398417FFBB2}.Release|Any CPU.Build.0 = Release|Any CPU
		{D8905775-D19F-4BDE-AA6B-8998F951AB23}.Debug|Any CPU.ActiveCfg = Debug|Any CPU
		{D8905775-D19F-4BDE-AA6B-8998F951AB23}.Debug|Any CPU.Build.0 = Debug|Any CPU
		{D8905775-D19F-4BDE-AA6B-8998F951AB23}.Release|Any CPU.ActiveCfg = Release|Any CPU
		{D8905775-D19F-4BDE-AA6B-8998F951AB23}.Release|Any CPU.Build.0 = Release|Any CPU
		{6EBCA262-93E6-41E9-828D-A06AF6C28BF7}.Debug|Any CPU.ActiveCfg = Debug|Any CPU
		{6EBCA262-93E6-41E9-828D-A06AF6C28BF7}.Debug|Any CPU.Build.0 = Debug|Any CPU
		{6EBCA262-93E6-41E9-828D-A06AF6C28BF7}.Release|Any CPU.ActiveCfg = Release|Any CPU
		{6EBCA262-93E6-41E9-828D-A06AF6C28BF7}.Release|Any CPU.Build.0 = Release|Any CPU
		{61107D00-6390-48AB-AC3E-2E9517F92B90}.Debug|Any CPU.ActiveCfg = Debug|Any CPU
		{61107D00-6390-48AB-AC3E-2E9517F92B90}.Debug|Any CPU.Build.0 = Debug|Any CPU
		{61107D00-6390-48AB-AC3E-2E9517F92B90}.Release|Any CPU.ActiveCfg = Release|Any CPU
		{61107D00-6390-48AB-AC3E-2E9517F92B90}.Release|Any CPU.Build.0 = Release|Any CPU
		{3E056F2E-B6B0-4D01-98C4-5CBEC5233001}.Debug|Any CPU.ActiveCfg = Debug|Any CPU
		{3E056F2E-B6B0-4D01-98C4-5CBEC5233001}.Debug|Any CPU.Build.0 = Debug|Any CPU
		{3E056F2E-B6B0-4D01-98C4-5CBEC5233001}.Release|Any CPU.ActiveCfg = Release|Any CPU
		{3E056F2E-B6B0-4D01-98C4-5CBEC5233001}.Release|Any CPU.Build.0 = Release|Any CPU
		{289BCA13-6792-48BE-91C5-2B8251B5D478}.Debug|Any CPU.ActiveCfg = Debug|Any CPU
		{289BCA13-6792-48BE-91C5-2B8251B5D478}.Debug|Any CPU.Build.0 = Debug|Any CPU
		{289BCA13-6792-48BE-91C5-2B8251B5D478}.Release|Any CPU.ActiveCfg = Release|Any CPU
		{289BCA13-6792-48BE-91C5-2B8251B5D478}.Release|Any CPU.Build.0 = Release|Any CPU
		{657BF5AB-6D1D-4E31-87B9-C8DF7FD8EC07}.Debug|Any CPU.ActiveCfg = Debug|Any CPU
		{657BF5AB-6D1D-4E31-87B9-C8DF7FD8EC07}.Debug|Any CPU.Build.0 = Debug|Any CPU
		{657BF5AB-6D1D-4E31-87B9-C8DF7FD8EC07}.Release|Any CPU.ActiveCfg = Release|Any CPU
		{657BF5AB-6D1D-4E31-87B9-C8DF7FD8EC07}.Release|Any CPU.Build.0 = Release|Any CPU
		{51F134AF-1A50-4007-81E7-92C688E40AFB}.Debug|Any CPU.ActiveCfg = Debug|Any CPU
		{51F134AF-1A50-4007-81E7-92C688E40AFB}.Debug|Any CPU.Build.0 = Debug|Any CPU
		{51F134AF-1A50-4007-81E7-92C688E40AFB}.Release|Any CPU.ActiveCfg = Release|Any CPU
		{51F134AF-1A50-4007-81E7-92C688E40AFB}.Release|Any CPU.Build.0 = Release|Any CPU
		{4E5A9A7B-3AD2-40F5-B54F-59055B4B7688}.Debug|Any CPU.ActiveCfg = Debug|Any CPU
		{4E5A9A7B-3AD2-40F5-B54F-59055B4B7688}.Debug|Any CPU.Build.0 = Debug|Any CPU
		{4E5A9A7B-3AD2-40F5-B54F-59055B4B7688}.Release|Any CPU.ActiveCfg = Release|Any CPU
		{4E5A9A7B-3AD2-40F5-B54F-59055B4B7688}.Release|Any CPU.Build.0 = Release|Any CPU
		{2475CBF7-7651-4FB6-ABD3-7318F8A9FC72}.Debug|Any CPU.ActiveCfg = Debug|Any CPU
		{2475CBF7-7651-4FB6-ABD3-7318F8A9FC72}.Debug|Any CPU.Build.0 = Debug|Any CPU
		{2475CBF7-7651-4FB6-ABD3-7318F8A9FC72}.Release|Any CPU.ActiveCfg = Release|Any CPU
		{2475CBF7-7651-4FB6-ABD3-7318F8A9FC72}.Release|Any CPU.Build.0 = Release|Any CPU
		{FA92B301-ED26-448D-AC88-92105E26C859}.Debug|Any CPU.ActiveCfg = Debug|Any CPU
		{FA92B301-ED26-448D-AC88-92105E26C859}.Debug|Any CPU.Build.0 = Debug|Any CPU
		{FA92B301-ED26-448D-AC88-92105E26C859}.Release|Any CPU.ActiveCfg = Release|Any CPU
		{FA92B301-ED26-448D-AC88-92105E26C859}.Release|Any CPU.Build.0 = Release|Any CPU
		{B7D3FBFD-2783-43CE-A692-36A1609CE010}.Debug|Any CPU.ActiveCfg = Debug|Any CPU
		{B7D3FBFD-2783-43CE-A692-36A1609CE010}.Debug|Any CPU.Build.0 = Debug|Any CPU
		{B7D3FBFD-2783-43CE-A692-36A1609CE010}.Release|Any CPU.ActiveCfg = Release|Any CPU
		{B7D3FBFD-2783-43CE-A692-36A1609CE010}.Release|Any CPU.Build.0 = Release|Any CPU
		{DC626B84-BDCB-48FE-A096-67436436A8FA}.Debug|Any CPU.ActiveCfg = Debug|Any CPU
		{DC626B84-BDCB-48FE-A096-67436436A8FA}.Debug|Any CPU.Build.0 = Debug|Any CPU
		{DC626B84-BDCB-48FE-A096-67436436A8FA}.Release|Any CPU.ActiveCfg = Release|Any CPU
		{DC626B84-BDCB-48FE-A096-67436436A8FA}.Release|Any CPU.Build.0 = Release|Any CPU
		{1ABF56B4-F83B-4E6E-A157-717A0E472F31}.Debug|Any CPU.ActiveCfg = Debug|Any CPU
		{1ABF56B4-F83B-4E6E-A157-717A0E472F31}.Debug|Any CPU.Build.0 = Debug|Any CPU
		{1ABF56B4-F83B-4E6E-A157-717A0E472F31}.Release|Any CPU.ActiveCfg = Release|Any CPU
		{1ABF56B4-F83B-4E6E-A157-717A0E472F31}.Release|Any CPU.Build.0 = Release|Any CPU
		{F44281C3-46FA-4FF0-BA26-C8BDAC5CB44E}.Debug|Any CPU.ActiveCfg = Debug|Any CPU
		{F44281C3-46FA-4FF0-BA26-C8BDAC5CB44E}.Debug|Any CPU.Build.0 = Debug|Any CPU
		{F44281C3-46FA-4FF0-BA26-C8BDAC5CB44E}.Release|Any CPU.ActiveCfg = Release|Any CPU
		{F44281C3-46FA-4FF0-BA26-C8BDAC5CB44E}.Release|Any CPU.Build.0 = Release|Any CPU
		{D828B5A0-FDB3-448A-ABC0-46B8DBFDECDD}.Debug|Any CPU.ActiveCfg = Debug|Any CPU
		{D828B5A0-FDB3-448A-ABC0-46B8DBFDECDD}.Debug|Any CPU.Build.0 = Debug|Any CPU
		{D828B5A0-FDB3-448A-ABC0-46B8DBFDECDD}.Release|Any CPU.ActiveCfg = Release|Any CPU
		{D828B5A0-FDB3-448A-ABC0-46B8DBFDECDD}.Release|Any CPU.Build.0 = Release|Any CPU
		{16F2D38A-A8F2-495C-929C-59FD59A1FB14}.Debug|Any CPU.ActiveCfg = Debug|Any CPU
		{16F2D38A-A8F2-495C-929C-59FD59A1FB14}.Debug|Any CPU.Build.0 = Debug|Any CPU
		{16F2D38A-A8F2-495C-929C-59FD59A1FB14}.Release|Any CPU.ActiveCfg = Release|Any CPU
		{16F2D38A-A8F2-495C-929C-59FD59A1FB14}.Release|Any CPU.Build.0 = Release|Any CPU
		{B15D134E-106B-40FC-8C9F-59AA178BCE3B}.Debug|Any CPU.ActiveCfg = Debug|Any CPU
		{B15D134E-106B-40FC-8C9F-59AA178BCE3B}.Debug|Any CPU.Build.0 = Debug|Any CPU
		{B15D134E-106B-40FC-8C9F-59AA178BCE3B}.Release|Any CPU.ActiveCfg = Release|Any CPU
		{B15D134E-106B-40FC-8C9F-59AA178BCE3B}.Release|Any CPU.Build.0 = Release|Any CPU
		{3AA91EE8-724D-4393-80DD-A982096FB732}.Debug|Any CPU.ActiveCfg = Debug|Any CPU
		{3AA91EE8-724D-4393-80DD-A982096FB732}.Debug|Any CPU.Build.0 = Debug|Any CPU
		{3AA91EE8-724D-4393-80DD-A982096FB732}.Release|Any CPU.ActiveCfg = Release|Any CPU
		{3AA91EE8-724D-4393-80DD-A982096FB732}.Release|Any CPU.Build.0 = Release|Any CPU
		{5538CCB4-735D-45AF-9693-D2D1953FD31E}.Debug|Any CPU.ActiveCfg = Debug|Any CPU
		{5538CCB4-735D-45AF-9693-D2D1953FD31E}.Debug|Any CPU.Build.0 = Debug|Any CPU
		{5538CCB4-735D-45AF-9693-D2D1953FD31E}.Release|Any CPU.ActiveCfg = Release|Any CPU
		{5538CCB4-735D-45AF-9693-D2D1953FD31E}.Release|Any CPU.Build.0 = Release|Any CPU
		{D4523E18-B34C-433A-B14D-03568F1E4F6C}.Debug|Any CPU.ActiveCfg = Debug|Any CPU
		{D4523E18-B34C-433A-B14D-03568F1E4F6C}.Debug|Any CPU.Build.0 = Debug|Any CPU
		{D4523E18-B34C-433A-B14D-03568F1E4F6C}.Release|Any CPU.ActiveCfg = Release|Any CPU
		{D4523E18-B34C-433A-B14D-03568F1E4F6C}.Release|Any CPU.Build.0 = Release|Any CPU
		{12E40087-904F-4BAD-ADAF-06B3A65A70B6}.Debug|Any CPU.ActiveCfg = Debug|Any CPU
		{12E40087-904F-4BAD-ADAF-06B3A65A70B6}.Debug|Any CPU.Build.0 = Debug|Any CPU
		{12E40087-904F-4BAD-ADAF-06B3A65A70B6}.Release|Any CPU.ActiveCfg = Release|Any CPU
		{12E40087-904F-4BAD-ADAF-06B3A65A70B6}.Release|Any CPU.Build.0 = Release|Any CPU
		{B0C9C626-49A4-450E-90C9-AC54A4319475}.Debug|Any CPU.ActiveCfg = Debug|Any CPU
		{B0C9C626-49A4-450E-90C9-AC54A4319475}.Debug|Any CPU.Build.0 = Debug|Any CPU
		{B0C9C626-49A4-450E-90C9-AC54A4319475}.Release|Any CPU.ActiveCfg = Release|Any CPU
		{B0C9C626-49A4-450E-90C9-AC54A4319475}.Release|Any CPU.Build.0 = Release|Any CPU
		{7613F096-9FE0-4B3B-89EB-45E9428CDBED}.Debug|Any CPU.ActiveCfg = Debug|Any CPU
		{7613F096-9FE0-4B3B-89EB-45E9428CDBED}.Debug|Any CPU.Build.0 = Debug|Any CPU
		{7613F096-9FE0-4B3B-89EB-45E9428CDBED}.Release|Any CPU.ActiveCfg = Release|Any CPU
		{7613F096-9FE0-4B3B-89EB-45E9428CDBED}.Release|Any CPU.Build.0 = Release|Any CPU
		{DBB15B22-5CBA-4441-9079-52AF6A81C0F6}.Debug|Any CPU.ActiveCfg = Debug|Any CPU
		{DBB15B22-5CBA-4441-9079-52AF6A81C0F6}.Debug|Any CPU.Build.0 = Debug|Any CPU
		{DBB15B22-5CBA-4441-9079-52AF6A81C0F6}.Release|Any CPU.ActiveCfg = Release|Any CPU
		{DBB15B22-5CBA-4441-9079-52AF6A81C0F6}.Release|Any CPU.Build.0 = Release|Any CPU
		{B8C7C2D8-EFC4-4E40-A936-8CB779CDA9D8}.Debug|Any CPU.ActiveCfg = Debug|Any CPU
		{B8C7C2D8-EFC4-4E40-A936-8CB779CDA9D8}.Debug|Any CPU.Build.0 = Debug|Any CPU
		{B8C7C2D8-EFC4-4E40-A936-8CB779CDA9D8}.Release|Any CPU.ActiveCfg = Release|Any CPU
		{B8C7C2D8-EFC4-4E40-A936-8CB779CDA9D8}.Release|Any CPU.Build.0 = Release|Any CPU
		{B70F0B35-ABC4-4AC9-8894-A56D8C59DEE3}.Debug|Any CPU.ActiveCfg = Debug|Any CPU
		{B70F0B35-ABC4-4AC9-8894-A56D8C59DEE3}.Debug|Any CPU.Build.0 = Debug|Any CPU
		{B70F0B35-ABC4-4AC9-8894-A56D8C59DEE3}.Release|Any CPU.ActiveCfg = Release|Any CPU
		{B70F0B35-ABC4-4AC9-8894-A56D8C59DEE3}.Release|Any CPU.Build.0 = Release|Any CPU
		{9262435E-C614-4C53-ABA5-21F3EDBC4CB6}.Debug|Any CPU.ActiveCfg = Debug|Any CPU
		{9262435E-C614-4C53-ABA5-21F3EDBC4CB6}.Debug|Any CPU.Build.0 = Debug|Any CPU
		{9262435E-C614-4C53-ABA5-21F3EDBC4CB6}.Release|Any CPU.ActiveCfg = Release|Any CPU
		{9262435E-C614-4C53-ABA5-21F3EDBC4CB6}.Release|Any CPU.Build.0 = Release|Any CPU
		{4CEBF6BE-F452-4388-B0A1-EA2FE558B93F}.Debug|Any CPU.ActiveCfg = Debug|Any CPU
		{4CEBF6BE-F452-4388-B0A1-EA2FE558B93F}.Debug|Any CPU.Build.0 = Debug|Any CPU
		{4CEBF6BE-F452-4388-B0A1-EA2FE558B93F}.Release|Any CPU.ActiveCfg = Release|Any CPU
		{4CEBF6BE-F452-4388-B0A1-EA2FE558B93F}.Release|Any CPU.Build.0 = Release|Any CPU
		{EB5EA67F-98A1-495E-B310-8DE28758E527}.Debug|Any CPU.ActiveCfg = Debug|Any CPU
		{EB5EA67F-98A1-495E-B310-8DE28758E527}.Debug|Any CPU.Build.0 = Debug|Any CPU
		{EB5EA67F-98A1-495E-B310-8DE28758E527}.Release|Any CPU.ActiveCfg = Release|Any CPU
		{EB5EA67F-98A1-495E-B310-8DE28758E527}.Release|Any CPU.Build.0 = Release|Any CPU
		{015597A3-9ACC-44F6-82D9-523D0AB1D769}.Debug|Any CPU.ActiveCfg = Debug|Any CPU
		{015597A3-9ACC-44F6-82D9-523D0AB1D769}.Debug|Any CPU.Build.0 = Debug|Any CPU
		{015597A3-9ACC-44F6-82D9-523D0AB1D769}.Release|Any CPU.ActiveCfg = Release|Any CPU
		{015597A3-9ACC-44F6-82D9-523D0AB1D769}.Release|Any CPU.Build.0 = Release|Any CPU
		{4E22E55F-46E3-430E-85DF-F3625339F218}.Debug|Any CPU.ActiveCfg = Debug|Any CPU
		{4E22E55F-46E3-430E-85DF-F3625339F218}.Debug|Any CPU.Build.0 = Debug|Any CPU
		{4E22E55F-46E3-430E-85DF-F3625339F218}.Release|Any CPU.ActiveCfg = Release|Any CPU
		{4E22E55F-46E3-430E-85DF-F3625339F218}.Release|Any CPU.Build.0 = Release|Any CPU
		{87117A87-364A-40F4-8FB5-C695A776BDFA}.Debug|Any CPU.ActiveCfg = Debug|Any CPU
		{87117A87-364A-40F4-8FB5-C695A776BDFA}.Debug|Any CPU.Build.0 = Debug|Any CPU
		{87117A87-364A-40F4-8FB5-C695A776BDFA}.Release|Any CPU.ActiveCfg = Release|Any CPU
		{87117A87-364A-40F4-8FB5-C695A776BDFA}.Release|Any CPU.Build.0 = Release|Any CPU
		{24F9A62C-A673-43A2-834F-65C5A8BC2B84}.Debug|Any CPU.ActiveCfg = Debug|Any CPU
		{24F9A62C-A673-43A2-834F-65C5A8BC2B84}.Debug|Any CPU.Build.0 = Debug|Any CPU
		{24F9A62C-A673-43A2-834F-65C5A8BC2B84}.Release|Any CPU.ActiveCfg = Release|Any CPU
		{24F9A62C-A673-43A2-834F-65C5A8BC2B84}.Release|Any CPU.Build.0 = Release|Any CPU
		{72FFDCC0-4723-4091-BBE0-0ECFD411CA3B}.Debug|Any CPU.ActiveCfg = Debug|Any CPU
		{72FFDCC0-4723-4091-BBE0-0ECFD411CA3B}.Debug|Any CPU.Build.0 = Debug|Any CPU
		{72FFDCC0-4723-4091-BBE0-0ECFD411CA3B}.Release|Any CPU.ActiveCfg = Release|Any CPU
		{72FFDCC0-4723-4091-BBE0-0ECFD411CA3B}.Release|Any CPU.Build.0 = Release|Any CPU
		{9BA8D379-B707-46DD-B295-1F02B391B04A}.Debug|Any CPU.ActiveCfg = Debug|Any CPU
		{9BA8D379-B707-46DD-B295-1F02B391B04A}.Debug|Any CPU.Build.0 = Debug|Any CPU
		{9BA8D379-B707-46DD-B295-1F02B391B04A}.Release|Any CPU.ActiveCfg = Release|Any CPU
		{9BA8D379-B707-46DD-B295-1F02B391B04A}.Release|Any CPU.Build.0 = Release|Any CPU
		{3179EF72-FE0F-48D1-B4D5-4B88EAEF72BE}.Debug|Any CPU.ActiveCfg = Debug|Any CPU
		{3179EF72-FE0F-48D1-B4D5-4B88EAEF72BE}.Debug|Any CPU.Build.0 = Debug|Any CPU
		{3179EF72-FE0F-48D1-B4D5-4B88EAEF72BE}.Release|Any CPU.ActiveCfg = Release|Any CPU
		{3179EF72-FE0F-48D1-B4D5-4B88EAEF72BE}.Release|Any CPU.Build.0 = Release|Any CPU
		{391C0CB8-1EC0-4594-86FB-559EDE038ED3}.Debug|Any CPU.ActiveCfg = Debug|Any CPU
		{391C0CB8-1EC0-4594-86FB-559EDE038ED3}.Debug|Any CPU.Build.0 = Debug|Any CPU
		{391C0CB8-1EC0-4594-86FB-559EDE038ED3}.Release|Any CPU.ActiveCfg = Release|Any CPU
		{391C0CB8-1EC0-4594-86FB-559EDE038ED3}.Release|Any CPU.Build.0 = Release|Any CPU
		{71E43144-9C1B-401B-A24E-978D529B36DF}.Debug|Any CPU.ActiveCfg = Debug|Any CPU
		{71E43144-9C1B-401B-A24E-978D529B36DF}.Debug|Any CPU.Build.0 = Debug|Any CPU
		{71E43144-9C1B-401B-A24E-978D529B36DF}.Release|Any CPU.ActiveCfg = Release|Any CPU
		{71E43144-9C1B-401B-A24E-978D529B36DF}.Release|Any CPU.Build.0 = Release|Any CPU
		{2E5C91BA-4E98-483A-8034-F1393B8114E7}.Debug|Any CPU.ActiveCfg = Debug|Any CPU
		{2E5C91BA-4E98-483A-8034-F1393B8114E7}.Debug|Any CPU.Build.0 = Debug|Any CPU
		{2E5C91BA-4E98-483A-8034-F1393B8114E7}.Release|Any CPU.ActiveCfg = Release|Any CPU
		{2E5C91BA-4E98-483A-8034-F1393B8114E7}.Release|Any CPU.Build.0 = Release|Any CPU
		{330B0DA0-F546-423A-A0CC-20CD5BC2980C}.Debug|Any CPU.ActiveCfg = Debug|Any CPU
		{330B0DA0-F546-423A-A0CC-20CD5BC2980C}.Debug|Any CPU.Build.0 = Debug|Any CPU
		{330B0DA0-F546-423A-A0CC-20CD5BC2980C}.Release|Any CPU.ActiveCfg = Release|Any CPU
		{330B0DA0-F546-423A-A0CC-20CD5BC2980C}.Release|Any CPU.Build.0 = Release|Any CPU
		{1D5EE2A7-DA5B-451C-BB00-C5FF0F44C9AE}.Debug|Any CPU.ActiveCfg = Debug|Any CPU
		{1D5EE2A7-DA5B-451C-BB00-C5FF0F44C9AE}.Debug|Any CPU.Build.0 = Debug|Any CPU
		{1D5EE2A7-DA5B-451C-BB00-C5FF0F44C9AE}.Release|Any CPU.ActiveCfg = Release|Any CPU
		{1D5EE2A7-DA5B-451C-BB00-C5FF0F44C9AE}.Release|Any CPU.Build.0 = Release|Any CPU
		{281DD749-037C-4324-BE55-41AC3D2D83D0}.Debug|Any CPU.ActiveCfg = Debug|Any CPU
		{281DD749-037C-4324-BE55-41AC3D2D83D0}.Debug|Any CPU.Build.0 = Debug|Any CPU
		{281DD749-037C-4324-BE55-41AC3D2D83D0}.Release|Any CPU.ActiveCfg = Release|Any CPU
		{281DD749-037C-4324-BE55-41AC3D2D83D0}.Release|Any CPU.Build.0 = Release|Any CPU
		{8AA636EC-95E7-4AEC-ABF3-5CB7EFF683B4}.Debug|Any CPU.ActiveCfg = Debug|Any CPU
		{8AA636EC-95E7-4AEC-ABF3-5CB7EFF683B4}.Debug|Any CPU.Build.0 = Debug|Any CPU
		{8AA636EC-95E7-4AEC-ABF3-5CB7EFF683B4}.Release|Any CPU.ActiveCfg = Release|Any CPU
		{8AA636EC-95E7-4AEC-ABF3-5CB7EFF683B4}.Release|Any CPU.Build.0 = Release|Any CPU
		{33F13A53-541B-4245-AF5E-C0FDF920025A}.Debug|Any CPU.ActiveCfg = Debug|Any CPU
		{33F13A53-541B-4245-AF5E-C0FDF920025A}.Debug|Any CPU.Build.0 = Debug|Any CPU
		{33F13A53-541B-4245-AF5E-C0FDF920025A}.Release|Any CPU.ActiveCfg = Release|Any CPU
		{33F13A53-541B-4245-AF5E-C0FDF920025A}.Release|Any CPU.Build.0 = Release|Any CPU
		{B2AAE1E7-F524-445D-9F83-63C230F03DD2}.Debug|Any CPU.ActiveCfg = Debug|Any CPU
		{B2AAE1E7-F524-445D-9F83-63C230F03DD2}.Debug|Any CPU.Build.0 = Debug|Any CPU
		{B2AAE1E7-F524-445D-9F83-63C230F03DD2}.Release|Any CPU.ActiveCfg = Release|Any CPU
		{B2AAE1E7-F524-445D-9F83-63C230F03DD2}.Release|Any CPU.Build.0 = Release|Any CPU
		{35E9B8CD-4C23-4E22-B497-FB87410CCCF4}.Debug|Any CPU.ActiveCfg = Debug|Any CPU
		{35E9B8CD-4C23-4E22-B497-FB87410CCCF4}.Debug|Any CPU.Build.0 = Debug|Any CPU
		{35E9B8CD-4C23-4E22-B497-FB87410CCCF4}.Release|Any CPU.ActiveCfg = Release|Any CPU
		{35E9B8CD-4C23-4E22-B497-FB87410CCCF4}.Release|Any CPU.Build.0 = Release|Any CPU
		{29C0C122-6694-4559-9B83-4121E6664F60}.Debug|Any CPU.ActiveCfg = Debug|Any CPU
		{29C0C122-6694-4559-9B83-4121E6664F60}.Debug|Any CPU.Build.0 = Debug|Any CPU
		{29C0C122-6694-4559-9B83-4121E6664F60}.Release|Any CPU.ActiveCfg = Release|Any CPU
		{29C0C122-6694-4559-9B83-4121E6664F60}.Release|Any CPU.Build.0 = Release|Any CPU
		{57BFC61E-418F-4C4C-9218-F930A145FC2D}.Debug|Any CPU.ActiveCfg = Debug|Any CPU
		{57BFC61E-418F-4C4C-9218-F930A145FC2D}.Debug|Any CPU.Build.0 = Debug|Any CPU
		{57BFC61E-418F-4C4C-9218-F930A145FC2D}.Release|Any CPU.ActiveCfg = Release|Any CPU
		{57BFC61E-418F-4C4C-9218-F930A145FC2D}.Release|Any CPU.Build.0 = Release|Any CPU
		{7E22B151-BDCE-40FD-9AF1-F0367B9378B6}.Debug|Any CPU.ActiveCfg = Debug|Any CPU
		{7E22B151-BDCE-40FD-9AF1-F0367B9378B6}.Debug|Any CPU.Build.0 = Debug|Any CPU
		{7E22B151-BDCE-40FD-9AF1-F0367B9378B6}.Release|Any CPU.ActiveCfg = Release|Any CPU
		{7E22B151-BDCE-40FD-9AF1-F0367B9378B6}.Release|Any CPU.Build.0 = Release|Any CPU
		{C48D1014-7866-44A5-A48D-E7E1C6C1271D}.Debug|Any CPU.ActiveCfg = Debug|Any CPU
		{C48D1014-7866-44A5-A48D-E7E1C6C1271D}.Debug|Any CPU.Build.0 = Debug|Any CPU
		{C48D1014-7866-44A5-A48D-E7E1C6C1271D}.Release|Any CPU.ActiveCfg = Release|Any CPU
		{C48D1014-7866-44A5-A48D-E7E1C6C1271D}.Release|Any CPU.Build.0 = Release|Any CPU
		{932A6088-C6CC-474D-9E06-57FBBA8C5A25}.Debug|Any CPU.ActiveCfg = Debug|Any CPU
		{932A6088-C6CC-474D-9E06-57FBBA8C5A25}.Debug|Any CPU.Build.0 = Debug|Any CPU
		{932A6088-C6CC-474D-9E06-57FBBA8C5A25}.Release|Any CPU.ActiveCfg = Release|Any CPU
		{932A6088-C6CC-474D-9E06-57FBBA8C5A25}.Release|Any CPU.Build.0 = Release|Any CPU
		{8EF38079-AFDC-4CB8-A32E-2EA0A8CDD116}.Debug|Any CPU.ActiveCfg = Debug|Any CPU
		{8EF38079-AFDC-4CB8-A32E-2EA0A8CDD116}.Debug|Any CPU.Build.0 = Debug|Any CPU
		{8EF38079-AFDC-4CB8-A32E-2EA0A8CDD116}.Release|Any CPU.ActiveCfg = Release|Any CPU
		{8EF38079-AFDC-4CB8-A32E-2EA0A8CDD116}.Release|Any CPU.Build.0 = Release|Any CPU
		{17F310D7-808D-4FDB-838D-6C2726A1582F}.Debug|Any CPU.ActiveCfg = Debug|Any CPU
		{17F310D7-808D-4FDB-838D-6C2726A1582F}.Debug|Any CPU.Build.0 = Debug|Any CPU
		{17F310D7-808D-4FDB-838D-6C2726A1582F}.Release|Any CPU.ActiveCfg = Release|Any CPU
		{17F310D7-808D-4FDB-838D-6C2726A1582F}.Release|Any CPU.Build.0 = Release|Any CPU
		{AC2C0946-C98F-4367-BFBC-5908053046F3}.Debug|Any CPU.ActiveCfg = Debug|Any CPU
		{AC2C0946-C98F-4367-BFBC-5908053046F3}.Debug|Any CPU.Build.0 = Debug|Any CPU
		{AC2C0946-C98F-4367-BFBC-5908053046F3}.Release|Any CPU.ActiveCfg = Release|Any CPU
		{AC2C0946-C98F-4367-BFBC-5908053046F3}.Release|Any CPU.Build.0 = Release|Any CPU
		{A71A0D83-993C-436B-AD6C-43EC52937547}.Debug|Any CPU.ActiveCfg = Debug|Any CPU
		{A71A0D83-993C-436B-AD6C-43EC52937547}.Debug|Any CPU.Build.0 = Debug|Any CPU
		{A71A0D83-993C-436B-AD6C-43EC52937547}.Release|Any CPU.ActiveCfg = Release|Any CPU
		{A71A0D83-993C-436B-AD6C-43EC52937547}.Release|Any CPU.Build.0 = Release|Any CPU
		{EFF98DD6-26EE-4462-852B-FCDB95C1B1A7}.Debug|Any CPU.ActiveCfg = Debug|Any CPU
		{EFF98DD6-26EE-4462-852B-FCDB95C1B1A7}.Debug|Any CPU.Build.0 = Debug|Any CPU
		{EFF98DD6-26EE-4462-852B-FCDB95C1B1A7}.Release|Any CPU.ActiveCfg = Release|Any CPU
		{EFF98DD6-26EE-4462-852B-FCDB95C1B1A7}.Release|Any CPU.Build.0 = Release|Any CPU
		{0179E916-C02F-48BA-94DD-2C15263D7F23}.Debug|Any CPU.ActiveCfg = Debug|Any CPU
		{0179E916-C02F-48BA-94DD-2C15263D7F23}.Debug|Any CPU.Build.0 = Debug|Any CPU
		{0179E916-C02F-48BA-94DD-2C15263D7F23}.Release|Any CPU.ActiveCfg = Release|Any CPU
		{0179E916-C02F-48BA-94DD-2C15263D7F23}.Release|Any CPU.Build.0 = Release|Any CPU
		{A8E54245-778F-4056-9A4B-4CA394668F43}.Debug|Any CPU.ActiveCfg = Debug|Any CPU
		{A8E54245-778F-4056-9A4B-4CA394668F43}.Debug|Any CPU.Build.0 = Debug|Any CPU
		{A8E54245-778F-4056-9A4B-4CA394668F43}.Release|Any CPU.ActiveCfg = Release|Any CPU
		{A8E54245-778F-4056-9A4B-4CA394668F43}.Release|Any CPU.Build.0 = Release|Any CPU
		{CA40DCE4-5C4F-40F6-8A39-FCEE77A81B16}.Debug|Any CPU.ActiveCfg = Debug|Any CPU
		{CA40DCE4-5C4F-40F6-8A39-FCEE77A81B16}.Debug|Any CPU.Build.0 = Debug|Any CPU
		{CA40DCE4-5C4F-40F6-8A39-FCEE77A81B16}.Release|Any CPU.ActiveCfg = Release|Any CPU
		{CA40DCE4-5C4F-40F6-8A39-FCEE77A81B16}.Release|Any CPU.Build.0 = Release|Any CPU
		{73F08499-80D6-44EA-86C8-E087573C692B}.Debug|Any CPU.ActiveCfg = Debug|Any CPU
		{73F08499-80D6-44EA-86C8-E087573C692B}.Debug|Any CPU.Build.0 = Debug|Any CPU
		{73F08499-80D6-44EA-86C8-E087573C692B}.Release|Any CPU.ActiveCfg = Release|Any CPU
		{73F08499-80D6-44EA-86C8-E087573C692B}.Release|Any CPU.Build.0 = Release|Any CPU
		{0429F3BF-8653-4055-AFF2-19FE890A7270}.Debug|Any CPU.ActiveCfg = Debug|Any CPU
		{0429F3BF-8653-4055-AFF2-19FE890A7270}.Debug|Any CPU.Build.0 = Debug|Any CPU
		{0429F3BF-8653-4055-AFF2-19FE890A7270}.Release|Any CPU.ActiveCfg = Release|Any CPU
		{0429F3BF-8653-4055-AFF2-19FE890A7270}.Release|Any CPU.Build.0 = Release|Any CPU
		{AE17F2CB-DF93-4CC7-8735-4283052988E0}.Debug|Any CPU.ActiveCfg = Debug|Any CPU
		{AE17F2CB-DF93-4CC7-8735-4283052988E0}.Debug|Any CPU.Build.0 = Debug|Any CPU
		{AE17F2CB-DF93-4CC7-8735-4283052988E0}.Release|Any CPU.ActiveCfg = Release|Any CPU
		{AE17F2CB-DF93-4CC7-8735-4283052988E0}.Release|Any CPU.Build.0 = Release|Any CPU
		{CE3B929E-4E40-472D-BB27-44C643704420}.Debug|Any CPU.ActiveCfg = Debug|Any CPU
		{CE3B929E-4E40-472D-BB27-44C643704420}.Debug|Any CPU.Build.0 = Debug|Any CPU
		{CE3B929E-4E40-472D-BB27-44C643704420}.Release|Any CPU.ActiveCfg = Release|Any CPU
		{CE3B929E-4E40-472D-BB27-44C643704420}.Release|Any CPU.Build.0 = Release|Any CPU
		{00455CEA-9562-4818-9877-490CFDB78F68}.Debug|Any CPU.ActiveCfg = Debug|Any CPU
		{00455CEA-9562-4818-9877-490CFDB78F68}.Debug|Any CPU.Build.0 = Debug|Any CPU
		{00455CEA-9562-4818-9877-490CFDB78F68}.Release|Any CPU.ActiveCfg = Release|Any CPU
		{00455CEA-9562-4818-9877-490CFDB78F68}.Release|Any CPU.Build.0 = Release|Any CPU
		{2F478113-CB00-4371-B451-ED4BAC5B1BBF}.Debug|Any CPU.ActiveCfg = Debug|Any CPU
		{2F478113-CB00-4371-B451-ED4BAC5B1BBF}.Debug|Any CPU.Build.0 = Debug|Any CPU
		{2F478113-CB00-4371-B451-ED4BAC5B1BBF}.Release|Any CPU.ActiveCfg = Release|Any CPU
		{2F478113-CB00-4371-B451-ED4BAC5B1BBF}.Release|Any CPU.Build.0 = Release|Any CPU
		{0D7105C6-D879-4188-9887-485776D45D77}.Debug|Any CPU.ActiveCfg = Debug|Any CPU
		{0D7105C6-D879-4188-9887-485776D45D77}.Debug|Any CPU.Build.0 = Debug|Any CPU
		{0D7105C6-D879-4188-9887-485776D45D77}.Release|Any CPU.ActiveCfg = Release|Any CPU
		{0D7105C6-D879-4188-9887-485776D45D77}.Release|Any CPU.Build.0 = Release|Any CPU
		{04C13C82-3533-4449-96E1-F04FF3A43AFD}.Debug|Any CPU.ActiveCfg = Debug|Any CPU
		{04C13C82-3533-4449-96E1-F04FF3A43AFD}.Debug|Any CPU.Build.0 = Debug|Any CPU
		{04C13C82-3533-4449-96E1-F04FF3A43AFD}.Release|Any CPU.ActiveCfg = Release|Any CPU
		{04C13C82-3533-4449-96E1-F04FF3A43AFD}.Release|Any CPU.Build.0 = Release|Any CPU
		{8871EF89-002F-45B0-A39C-3948F53E3B46}.Debug|Any CPU.ActiveCfg = Debug|Any CPU
		{8871EF89-002F-45B0-A39C-3948F53E3B46}.Debug|Any CPU.Build.0 = Debug|Any CPU
		{8871EF89-002F-45B0-A39C-3948F53E3B46}.Release|Any CPU.ActiveCfg = Release|Any CPU
		{8871EF89-002F-45B0-A39C-3948F53E3B46}.Release|Any CPU.Build.0 = Release|Any CPU
		{1D41C682-8A01-4A40-97AD-3F0C2DF3E398}.Debug|Any CPU.ActiveCfg = Debug|Any CPU
		{1D41C682-8A01-4A40-97AD-3F0C2DF3E398}.Debug|Any CPU.Build.0 = Debug|Any CPU
		{1D41C682-8A01-4A40-97AD-3F0C2DF3E398}.Release|Any CPU.ActiveCfg = Release|Any CPU
		{1D41C682-8A01-4A40-97AD-3F0C2DF3E398}.Release|Any CPU.Build.0 = Release|Any CPU
		{FAC44132-3DE3-47D8-BC79-4E2030CCE3A8}.Debug|Any CPU.ActiveCfg = Debug|Any CPU
		{FAC44132-3DE3-47D8-BC79-4E2030CCE3A8}.Debug|Any CPU.Build.0 = Debug|Any CPU
		{FAC44132-3DE3-47D8-BC79-4E2030CCE3A8}.Release|Any CPU.ActiveCfg = Release|Any CPU
		{FAC44132-3DE3-47D8-BC79-4E2030CCE3A8}.Release|Any CPU.Build.0 = Release|Any CPU
		{A63A1719-0970-4B97-8DFC-C225C22B4040}.Debug|Any CPU.ActiveCfg = Debug|Any CPU
		{A63A1719-0970-4B97-8DFC-C225C22B4040}.Debug|Any CPU.Build.0 = Debug|Any CPU
		{A63A1719-0970-4B97-8DFC-C225C22B4040}.Release|Any CPU.ActiveCfg = Release|Any CPU
		{A63A1719-0970-4B97-8DFC-C225C22B4040}.Release|Any CPU.Build.0 = Release|Any CPU
		{646856CF-D90A-4B69-A350-024D7F75279A}.Debug|Any CPU.ActiveCfg = Debug|Any CPU
		{646856CF-D90A-4B69-A350-024D7F75279A}.Debug|Any CPU.Build.0 = Debug|Any CPU
		{646856CF-D90A-4B69-A350-024D7F75279A}.Release|Any CPU.ActiveCfg = Release|Any CPU
		{646856CF-D90A-4B69-A350-024D7F75279A}.Release|Any CPU.Build.0 = Release|Any CPU
		{DF5FF2CD-3E0A-45EB-AFDA-50C18B56826A}.Debug|Any CPU.ActiveCfg = Debug|Any CPU
		{DF5FF2CD-3E0A-45EB-AFDA-50C18B56826A}.Debug|Any CPU.Build.0 = Debug|Any CPU
		{DF5FF2CD-3E0A-45EB-AFDA-50C18B56826A}.Release|Any CPU.ActiveCfg = Release|Any CPU
		{DF5FF2CD-3E0A-45EB-AFDA-50C18B56826A}.Release|Any CPU.Build.0 = Release|Any CPU
		{90BA0802-518D-4A2D-8FA8-A54F925BB372}.Debug|Any CPU.ActiveCfg = Debug|Any CPU
		{90BA0802-518D-4A2D-8FA8-A54F925BB372}.Debug|Any CPU.Build.0 = Debug|Any CPU
		{90BA0802-518D-4A2D-8FA8-A54F925BB372}.Release|Any CPU.ActiveCfg = Release|Any CPU
		{90BA0802-518D-4A2D-8FA8-A54F925BB372}.Release|Any CPU.Build.0 = Release|Any CPU
		{D08F7D5E-018B-4211-B34B-DD31623C88D0}.Debug|Any CPU.ActiveCfg = Debug|Any CPU
		{D08F7D5E-018B-4211-B34B-DD31623C88D0}.Debug|Any CPU.Build.0 = Debug|Any CPU
		{D08F7D5E-018B-4211-B34B-DD31623C88D0}.Release|Any CPU.ActiveCfg = Release|Any CPU
		{D08F7D5E-018B-4211-B34B-DD31623C88D0}.Release|Any CPU.Build.0 = Release|Any CPU
		{5710C42B-9903-414C-B009-F1161974DEF8}.Debug|Any CPU.ActiveCfg = Debug|Any CPU
		{5710C42B-9903-414C-B009-F1161974DEF8}.Debug|Any CPU.Build.0 = Debug|Any CPU
		{5710C42B-9903-414C-B009-F1161974DEF8}.Release|Any CPU.ActiveCfg = Release|Any CPU
		{5710C42B-9903-414C-B009-F1161974DEF8}.Release|Any CPU.Build.0 = Release|Any CPU
		{E217E027-D2B2-4AC5-B681-9656C041F81C}.Debug|Any CPU.ActiveCfg = Debug|Any CPU
		{E217E027-D2B2-4AC5-B681-9656C041F81C}.Debug|Any CPU.Build.0 = Debug|Any CPU
		{E217E027-D2B2-4AC5-B681-9656C041F81C}.Release|Any CPU.ActiveCfg = Release|Any CPU
		{E217E027-D2B2-4AC5-B681-9656C041F81C}.Release|Any CPU.Build.0 = Release|Any CPU
		{A18A1A93-1B52-4C51-AE68-B91B20AC0348}.Debug|Any CPU.ActiveCfg = Debug|Any CPU
		{A18A1A93-1B52-4C51-AE68-B91B20AC0348}.Debug|Any CPU.Build.0 = Debug|Any CPU
		{A18A1A93-1B52-4C51-AE68-B91B20AC0348}.Release|Any CPU.ActiveCfg = Release|Any CPU
		{A18A1A93-1B52-4C51-AE68-B91B20AC0348}.Release|Any CPU.Build.0 = Release|Any CPU
		{3CF7312E-D53A-4AF6-8063-22BEF475476D}.Debug|Any CPU.ActiveCfg = Debug|Any CPU
		{3CF7312E-D53A-4AF6-8063-22BEF475476D}.Debug|Any CPU.Build.0 = Debug|Any CPU
		{3CF7312E-D53A-4AF6-8063-22BEF475476D}.Release|Any CPU.ActiveCfg = Release|Any CPU
		{3CF7312E-D53A-4AF6-8063-22BEF475476D}.Release|Any CPU.Build.0 = Release|Any CPU
		{3C07ECC4-A3F6-4769-8631-18749231F5B0}.Debug|Any CPU.ActiveCfg = Debug|Any CPU
		{3C07ECC4-A3F6-4769-8631-18749231F5B0}.Debug|Any CPU.Build.0 = Debug|Any CPU
		{3C07ECC4-A3F6-4769-8631-18749231F5B0}.Release|Any CPU.ActiveCfg = Release|Any CPU
		{3C07ECC4-A3F6-4769-8631-18749231F5B0}.Release|Any CPU.Build.0 = Release|Any CPU
		{D12DD71F-4167-4839-9495-3DA4D4E3CB42}.Debug|Any CPU.ActiveCfg = Debug|Any CPU
		{D12DD71F-4167-4839-9495-3DA4D4E3CB42}.Debug|Any CPU.Build.0 = Debug|Any CPU
		{D12DD71F-4167-4839-9495-3DA4D4E3CB42}.Release|Any CPU.ActiveCfg = Release|Any CPU
		{D12DD71F-4167-4839-9495-3DA4D4E3CB42}.Release|Any CPU.Build.0 = Release|Any CPU
		{6525BD68-2AF0-468B-9AA0-771CC92B220E}.Debug|Any CPU.ActiveCfg = Debug|Any CPU
		{6525BD68-2AF0-468B-9AA0-771CC92B220E}.Debug|Any CPU.Build.0 = Debug|Any CPU
		{6525BD68-2AF0-468B-9AA0-771CC92B220E}.Release|Any CPU.ActiveCfg = Release|Any CPU
		{6525BD68-2AF0-468B-9AA0-771CC92B220E}.Release|Any CPU.Build.0 = Release|Any CPU
		{7A29D423-56CE-4F1D-84F7-77B051C90474}.Debug|Any CPU.ActiveCfg = Debug|Any CPU
		{7A29D423-56CE-4F1D-84F7-77B051C90474}.Debug|Any CPU.Build.0 = Debug|Any CPU
		{7A29D423-56CE-4F1D-84F7-77B051C90474}.Release|Any CPU.ActiveCfg = Release|Any CPU
		{7A29D423-56CE-4F1D-84F7-77B051C90474}.Release|Any CPU.Build.0 = Release|Any CPU
		{F77FA2BD-B4B0-4197-882D-3A110D65AE43}.Debug|Any CPU.ActiveCfg = Debug|Any CPU
		{F77FA2BD-B4B0-4197-882D-3A110D65AE43}.Debug|Any CPU.Build.0 = Debug|Any CPU
		{F77FA2BD-B4B0-4197-882D-3A110D65AE43}.Release|Any CPU.ActiveCfg = Release|Any CPU
		{F77FA2BD-B4B0-4197-882D-3A110D65AE43}.Release|Any CPU.Build.0 = Release|Any CPU
		{59FF0146-494D-4FC3-A9D6-789BD30BB48E}.Debug|Any CPU.ActiveCfg = Debug|Any CPU
		{59FF0146-494D-4FC3-A9D6-789BD30BB48E}.Debug|Any CPU.Build.0 = Debug|Any CPU
		{59FF0146-494D-4FC3-A9D6-789BD30BB48E}.Release|Any CPU.ActiveCfg = Release|Any CPU
		{59FF0146-494D-4FC3-A9D6-789BD30BB48E}.Release|Any CPU.Build.0 = Release|Any CPU
		{27FC297B-34A0-42BC-BA14-3C8A029A9E3B}.Debug|Any CPU.ActiveCfg = Debug|Any CPU
		{27FC297B-34A0-42BC-BA14-3C8A029A9E3B}.Debug|Any CPU.Build.0 = Debug|Any CPU
		{27FC297B-34A0-42BC-BA14-3C8A029A9E3B}.Release|Any CPU.ActiveCfg = Release|Any CPU
		{27FC297B-34A0-42BC-BA14-3C8A029A9E3B}.Release|Any CPU.Build.0 = Release|Any CPU
		{B1AB3179-BBA1-42C5-BA42-9C8C9A542428}.Debug|Any CPU.ActiveCfg = Debug|Any CPU
		{B1AB3179-BBA1-42C5-BA42-9C8C9A542428}.Debug|Any CPU.Build.0 = Debug|Any CPU
		{B1AB3179-BBA1-42C5-BA42-9C8C9A542428}.Release|Any CPU.ActiveCfg = Release|Any CPU
		{B1AB3179-BBA1-42C5-BA42-9C8C9A542428}.Release|Any CPU.Build.0 = Release|Any CPU
		{2D72D460-56C1-479B-96C6-CC27C76B2E0A}.Debug|Any CPU.ActiveCfg = Debug|Any CPU
		{2D72D460-56C1-479B-96C6-CC27C76B2E0A}.Debug|Any CPU.Build.0 = Debug|Any CPU
		{2D72D460-56C1-479B-96C6-CC27C76B2E0A}.Release|Any CPU.ActiveCfg = Release|Any CPU
		{2D72D460-56C1-479B-96C6-CC27C76B2E0A}.Release|Any CPU.Build.0 = Release|Any CPU
		{18E47922-3B46-4C8A-9C6C-13CA39BE0C07}.Debug|Any CPU.ActiveCfg = Debug|Any CPU
		{18E47922-3B46-4C8A-9C6C-13CA39BE0C07}.Debug|Any CPU.Build.0 = Debug|Any CPU
		{18E47922-3B46-4C8A-9C6C-13CA39BE0C07}.Release|Any CPU.ActiveCfg = Release|Any CPU
		{18E47922-3B46-4C8A-9C6C-13CA39BE0C07}.Release|Any CPU.Build.0 = Release|Any CPU
		{7BD62AD5-492F-44F0-9395-E223D1FB170C}.Debug|Any CPU.ActiveCfg = Debug|Any CPU
		{7BD62AD5-492F-44F0-9395-E223D1FB170C}.Debug|Any CPU.Build.0 = Debug|Any CPU
		{7BD62AD5-492F-44F0-9395-E223D1FB170C}.Release|Any CPU.ActiveCfg = Release|Any CPU
		{7BD62AD5-492F-44F0-9395-E223D1FB170C}.Release|Any CPU.Build.0 = Release|Any CPU
		{490877B7-90B2-4806-A860-2F41699E6B93}.Debug|Any CPU.ActiveCfg = Debug|Any CPU
		{490877B7-90B2-4806-A860-2F41699E6B93}.Debug|Any CPU.Build.0 = Debug|Any CPU
		{490877B7-90B2-4806-A860-2F41699E6B93}.Release|Any CPU.ActiveCfg = Release|Any CPU
		{490877B7-90B2-4806-A860-2F41699E6B93}.Release|Any CPU.Build.0 = Release|Any CPU
		{D35AD53D-F3FF-46BF-AC9E-60195E5510DC}.Debug|Any CPU.ActiveCfg = Debug|Any CPU
		{D35AD53D-F3FF-46BF-AC9E-60195E5510DC}.Debug|Any CPU.Build.0 = Debug|Any CPU
		{D35AD53D-F3FF-46BF-AC9E-60195E5510DC}.Release|Any CPU.ActiveCfg = Release|Any CPU
		{D35AD53D-F3FF-46BF-AC9E-60195E5510DC}.Release|Any CPU.Build.0 = Release|Any CPU
		{BAA45F9D-AB85-4516-A5B9-5A0AD1DB75FD}.Debug|Any CPU.ActiveCfg = Debug|Any CPU
		{BAA45F9D-AB85-4516-A5B9-5A0AD1DB75FD}.Debug|Any CPU.Build.0 = Debug|Any CPU
		{BAA45F9D-AB85-4516-A5B9-5A0AD1DB75FD}.Release|Any CPU.ActiveCfg = Release|Any CPU
		{BAA45F9D-AB85-4516-A5B9-5A0AD1DB75FD}.Release|Any CPU.Build.0 = Release|Any CPU
		{7DEF156E-DA12-4F8B-B073-5A4DD8601194}.Debug|Any CPU.ActiveCfg = Debug|Any CPU
		{7DEF156E-DA12-4F8B-B073-5A4DD8601194}.Debug|Any CPU.Build.0 = Debug|Any CPU
		{7DEF156E-DA12-4F8B-B073-5A4DD8601194}.Release|Any CPU.ActiveCfg = Release|Any CPU
		{7DEF156E-DA12-4F8B-B073-5A4DD8601194}.Release|Any CPU.Build.0 = Release|Any CPU
		{BA846FD9-4773-48DA-993F-03E04AECDAD1}.Debug|Any CPU.ActiveCfg = Debug|Any CPU
		{BA846FD9-4773-48DA-993F-03E04AECDAD1}.Debug|Any CPU.Build.0 = Debug|Any CPU
		{BA846FD9-4773-48DA-993F-03E04AECDAD1}.Release|Any CPU.ActiveCfg = Release|Any CPU
		{BA846FD9-4773-48DA-993F-03E04AECDAD1}.Release|Any CPU.Build.0 = Release|Any CPU
		{FD5C9B38-949A-489D-AFB6-A04D9DE34AF2}.Debug|Any CPU.ActiveCfg = Debug|Any CPU
		{FD5C9B38-949A-489D-AFB6-A04D9DE34AF2}.Debug|Any CPU.Build.0 = Debug|Any CPU
		{FD5C9B38-949A-489D-AFB6-A04D9DE34AF2}.Release|Any CPU.ActiveCfg = Release|Any CPU
		{FD5C9B38-949A-489D-AFB6-A04D9DE34AF2}.Release|Any CPU.Build.0 = Release|Any CPU
		{3692F42D-2A33-4FEB-9D44-AEB9F82EDE24}.Debug|Any CPU.ActiveCfg = Debug|Any CPU
		{3692F42D-2A33-4FEB-9D44-AEB9F82EDE24}.Debug|Any CPU.Build.0 = Debug|Any CPU
		{3692F42D-2A33-4FEB-9D44-AEB9F82EDE24}.Release|Any CPU.ActiveCfg = Release|Any CPU
		{3692F42D-2A33-4FEB-9D44-AEB9F82EDE24}.Release|Any CPU.Build.0 = Release|Any CPU
		{41DFB795-28C4-4355-AA02-3F0BC7429406}.Debug|Any CPU.ActiveCfg = Debug|Any CPU
		{41DFB795-28C4-4355-AA02-3F0BC7429406}.Debug|Any CPU.Build.0 = Debug|Any CPU
		{41DFB795-28C4-4355-AA02-3F0BC7429406}.Release|Any CPU.ActiveCfg = Release|Any CPU
		{41DFB795-28C4-4355-AA02-3F0BC7429406}.Release|Any CPU.Build.0 = Release|Any CPU
		{9792E3A7-4737-4423-BB0F-3D25AE539149}.Debug|Any CPU.ActiveCfg = Debug|Any CPU
		{9792E3A7-4737-4423-BB0F-3D25AE539149}.Debug|Any CPU.Build.0 = Debug|Any CPU
		{9792E3A7-4737-4423-BB0F-3D25AE539149}.Release|Any CPU.ActiveCfg = Release|Any CPU
		{9792E3A7-4737-4423-BB0F-3D25AE539149}.Release|Any CPU.Build.0 = Release|Any CPU
		{5FC33B3E-B341-444E-976E-3F679B4F0D6E}.Debug|Any CPU.ActiveCfg = Debug|Any CPU
		{5FC33B3E-B341-444E-976E-3F679B4F0D6E}.Debug|Any CPU.Build.0 = Debug|Any CPU
		{5FC33B3E-B341-444E-976E-3F679B4F0D6E}.Release|Any CPU.ActiveCfg = Release|Any CPU
		{5FC33B3E-B341-444E-976E-3F679B4F0D6E}.Release|Any CPU.Build.0 = Release|Any CPU
		{0CCAFB78-0896-4436-93AE-E5832EA79E52}.Debug|Any CPU.ActiveCfg = Debug|Any CPU
		{0CCAFB78-0896-4436-93AE-E5832EA79E52}.Debug|Any CPU.Build.0 = Debug|Any CPU
		{0CCAFB78-0896-4436-93AE-E5832EA79E52}.Release|Any CPU.ActiveCfg = Release|Any CPU
		{0CCAFB78-0896-4436-93AE-E5832EA79E52}.Release|Any CPU.Build.0 = Release|Any CPU
		{C7188ACD-E36E-412D-B5AE-53644F0F6A57}.Debug|Any CPU.ActiveCfg = Debug|Any CPU
		{C7188ACD-E36E-412D-B5AE-53644F0F6A57}.Debug|Any CPU.Build.0 = Debug|Any CPU
		{C7188ACD-E36E-412D-B5AE-53644F0F6A57}.Release|Any CPU.ActiveCfg = Release|Any CPU
		{C7188ACD-E36E-412D-B5AE-53644F0F6A57}.Release|Any CPU.Build.0 = Release|Any CPU
		{6A46B211-AE47-4D69-8BAA-B24858963F9F}.Debug|Any CPU.ActiveCfg = Debug|Any CPU
		{6A46B211-AE47-4D69-8BAA-B24858963F9F}.Debug|Any CPU.Build.0 = Debug|Any CPU
		{6A46B211-AE47-4D69-8BAA-B24858963F9F}.Release|Any CPU.ActiveCfg = Release|Any CPU
		{6A46B211-AE47-4D69-8BAA-B24858963F9F}.Release|Any CPU.Build.0 = Release|Any CPU
		{F2896ECF-14B1-4462-9D81-A5E66F871532}.Debug|Any CPU.ActiveCfg = Debug|Any CPU
		{F2896ECF-14B1-4462-9D81-A5E66F871532}.Debug|Any CPU.Build.0 = Debug|Any CPU
		{F2896ECF-14B1-4462-9D81-A5E66F871532}.Release|Any CPU.ActiveCfg = Release|Any CPU
		{F2896ECF-14B1-4462-9D81-A5E66F871532}.Release|Any CPU.Build.0 = Release|Any CPU
		{9E7E45B0-749F-48A2-A5F7-9CC3B84D9A1F}.Debug|Any CPU.ActiveCfg = Debug|Any CPU
		{9E7E45B0-749F-48A2-A5F7-9CC3B84D9A1F}.Debug|Any CPU.Build.0 = Debug|Any CPU
		{9E7E45B0-749F-48A2-A5F7-9CC3B84D9A1F}.Release|Any CPU.ActiveCfg = Release|Any CPU
		{9E7E45B0-749F-48A2-A5F7-9CC3B84D9A1F}.Release|Any CPU.Build.0 = Release|Any CPU
		{F8EA21F8-7A32-4507-9533-97637B2E7A78}.Debug|Any CPU.ActiveCfg = Debug|Any CPU
		{F8EA21F8-7A32-4507-9533-97637B2E7A78}.Debug|Any CPU.Build.0 = Debug|Any CPU
		{F8EA21F8-7A32-4507-9533-97637B2E7A78}.Release|Any CPU.ActiveCfg = Release|Any CPU
		{F8EA21F8-7A32-4507-9533-97637B2E7A78}.Release|Any CPU.Build.0 = Release|Any CPU
		{08ADD5CC-7E88-4AF9-B723-32049A53CA1D}.Debug|Any CPU.ActiveCfg = Debug|Any CPU
		{08ADD5CC-7E88-4AF9-B723-32049A53CA1D}.Debug|Any CPU.Build.0 = Debug|Any CPU
		{08ADD5CC-7E88-4AF9-B723-32049A53CA1D}.Release|Any CPU.ActiveCfg = Release|Any CPU
		{08ADD5CC-7E88-4AF9-B723-32049A53CA1D}.Release|Any CPU.Build.0 = Release|Any CPU
		{560614E4-46CF-4D72-B6CB-340854B36FBD}.Debug|Any CPU.ActiveCfg = Debug|Any CPU
		{560614E4-46CF-4D72-B6CB-340854B36FBD}.Debug|Any CPU.Build.0 = Debug|Any CPU
		{560614E4-46CF-4D72-B6CB-340854B36FBD}.Release|Any CPU.ActiveCfg = Release|Any CPU
		{560614E4-46CF-4D72-B6CB-340854B36FBD}.Release|Any CPU.Build.0 = Release|Any CPU
		{CAEA9453-17F5-44DE-9BC9-E764886D1982}.Debug|Any CPU.ActiveCfg = Debug|Any CPU
		{CAEA9453-17F5-44DE-9BC9-E764886D1982}.Debug|Any CPU.Build.0 = Debug|Any CPU
		{CAEA9453-17F5-44DE-9BC9-E764886D1982}.Release|Any CPU.ActiveCfg = Release|Any CPU
		{CAEA9453-17F5-44DE-9BC9-E764886D1982}.Release|Any CPU.Build.0 = Release|Any CPU
		{2878C885-8D98-409A-AF10-ABFEE3F502FC}.Debug|Any CPU.ActiveCfg = Debug|Any CPU
		{2878C885-8D98-409A-AF10-ABFEE3F502FC}.Debug|Any CPU.Build.0 = Debug|Any CPU
		{2878C885-8D98-409A-AF10-ABFEE3F502FC}.Release|Any CPU.ActiveCfg = Release|Any CPU
		{2878C885-8D98-409A-AF10-ABFEE3F502FC}.Release|Any CPU.Build.0 = Release|Any CPU
		{E4C6F7D9-1663-4F8B-BBD9-A76A2D5F887A}.Debug|Any CPU.ActiveCfg = Debug|Any CPU
		{E4C6F7D9-1663-4F8B-BBD9-A76A2D5F887A}.Debug|Any CPU.Build.0 = Debug|Any CPU
		{E4C6F7D9-1663-4F8B-BBD9-A76A2D5F887A}.Release|Any CPU.ActiveCfg = Release|Any CPU
		{E4C6F7D9-1663-4F8B-BBD9-A76A2D5F887A}.Release|Any CPU.Build.0 = Release|Any CPU
		{AA7696D0-6F05-4AFF-848E-EC3FC467A012}.Debug|Any CPU.ActiveCfg = Debug|Any CPU
		{AA7696D0-6F05-4AFF-848E-EC3FC467A012}.Debug|Any CPU.Build.0 = Debug|Any CPU
		{AA7696D0-6F05-4AFF-848E-EC3FC467A012}.Release|Any CPU.ActiveCfg = Release|Any CPU
		{AA7696D0-6F05-4AFF-848E-EC3FC467A012}.Release|Any CPU.Build.0 = Release|Any CPU
		{BEF5A57B-6799-4C13-9F33-FBC3FD58BA72}.Debug|Any CPU.ActiveCfg = Debug|Any CPU
		{BEF5A57B-6799-4C13-9F33-FBC3FD58BA72}.Debug|Any CPU.Build.0 = Debug|Any CPU
		{BEF5A57B-6799-4C13-9F33-FBC3FD58BA72}.Release|Any CPU.ActiveCfg = Release|Any CPU
		{BEF5A57B-6799-4C13-9F33-FBC3FD58BA72}.Release|Any CPU.Build.0 = Release|Any CPU
		{7B34C7A8-69B0-4DA3-9DD6-EE999CBDEBD4}.Debug|Any CPU.ActiveCfg = Debug|Any CPU
		{7B34C7A8-69B0-4DA3-9DD6-EE999CBDEBD4}.Debug|Any CPU.Build.0 = Debug|Any CPU
		{7B34C7A8-69B0-4DA3-9DD6-EE999CBDEBD4}.Release|Any CPU.ActiveCfg = Release|Any CPU
		{7B34C7A8-69B0-4DA3-9DD6-EE999CBDEBD4}.Release|Any CPU.Build.0 = Release|Any CPU
		{258F1E7E-BE57-4605-99B1-2B4E9C37C997}.Debug|Any CPU.ActiveCfg = Debug|Any CPU
		{258F1E7E-BE57-4605-99B1-2B4E9C37C997}.Debug|Any CPU.Build.0 = Debug|Any CPU
		{258F1E7E-BE57-4605-99B1-2B4E9C37C997}.Release|Any CPU.ActiveCfg = Release|Any CPU
		{258F1E7E-BE57-4605-99B1-2B4E9C37C997}.Release|Any CPU.Build.0 = Release|Any CPU
		{DA763978-3689-48D1-8A2E-E698B6A6EC90}.Debug|Any CPU.ActiveCfg = Debug|Any CPU
		{DA763978-3689-48D1-8A2E-E698B6A6EC90}.Debug|Any CPU.Build.0 = Debug|Any CPU
		{DA763978-3689-48D1-8A2E-E698B6A6EC90}.Release|Any CPU.ActiveCfg = Release|Any CPU
		{DA763978-3689-48D1-8A2E-E698B6A6EC90}.Release|Any CPU.Build.0 = Release|Any CPU
	EndGlobalSection
	GlobalSection(SolutionProperties) = preSolution
		HideSolutionNode = FALSE
	EndGlobalSection
	GlobalSection(ExtensibilityGlobals) = postSolution
		SolutionGuid = {D321D191-5E4D-4CAE-9D0E-7228B8DDEC75}
	EndGlobalSection
EndGlobal
